// !$*UTF8*$!
{
	archiveVersion = 1;
	classes = {
	};
	objectVersion = 70;
	objects = {

/* Begin PBXBuildFile section */
		321F3D7A9A2A7212B763C920 /* Pods_TripPlus.framework in Frameworks */ = {isa = PBXBuildFile; fileRef = 9835D1350C85BA0FD5E41D95 /* Pods_TripPlus.framework */; };
		810A193C2C723859003C168B /* AppDelegate.swift in Sources */ = {isa = PBXBuildFile; fileRef = 810A193B2C723859003C168B /* AppDelegate.swift */; };
		810A193E2C723859003C168B /* SceneDelegate.swift in Sources */ = {isa = PBXBuildFile; fileRef = 810A193D2C723859003C168B /* SceneDelegate.swift */; };
		810A19432C723859003C168B /* Base in Resources */ = {isa = PBXBuildFile; fileRef = 810A19422C723859003C168B /* Base */; };
		810A19452C72385B003C168B /* Assets.xcassets in Resources */ = {isa = PBXBuildFile; fileRef = 810A19442C72385B003C168B /* Assets.xcassets */; };
		810A19482C72385B003C168B /* Base in Resources */ = {isa = PBXBuildFile; fileRef = 810A19472C72385B003C168B /* Base */; };
		810A19512C7B423E003C168B /* Login.storyboard in Resources */ = {isa = PBXBuildFile; fileRef = 810A19502C7B423E003C168B /* Login.storyboard */; };
		810A19552C7B4295003C168B /* LoginViewController.swift in Sources */ = {isa = PBXBuildFile; fileRef = 810A19542C7B4295003C168B /* LoginViewController.swift */; };
		810A195A2C7B42DB003C168B /* LoginRequest.swift in Sources */ = {isa = PBXBuildFile; fileRef = 810A19592C7B42DB003C168B /* LoginRequest.swift */; };
		810A195C2C7B42E7003C168B /* LoginResponse.swift in Sources */ = {isa = PBXBuildFile; fileRef = 810A195B2C7B42E7003C168B /* LoginResponse.swift */; };
		810A195E2C7B431A003C168B /* LoginViewModel.swift in Sources */ = {isa = PBXBuildFile; fileRef = 810A195D2C7B431A003C168B /* LoginViewModel.swift */; };
		810A19622C7B4D6F003C168B /* APIManager.swift in Sources */ = {isa = PBXBuildFile; fileRef = 810A19612C7B4D6F003C168B /* APIManager.swift */; };
		81F6A7CD2CA0463E0059FE6F /* CustomSearchBar.swift in Sources */ = {isa = PBXBuildFile; fileRef = 81F6A7CC2CA0463E0059FE6F /* CustomSearchBar.swift */; };
		81F6A7CF2CA052FC0059FE6F /* LocationList.swift in Sources */ = {isa = PBXBuildFile; fileRef = 81F6A7CE2CA052FC0059FE6F /* LocationList.swift */; };
		81F6A7D12CA053050059FE6F /* LocationListCell.swift in Sources */ = {isa = PBXBuildFile; fileRef = 81F6A7D02CA053050059FE6F /* LocationListCell.swift */; };
		81F6A7D32CA0532D0059FE6F /* LocationListCellData.swift in Sources */ = {isa = PBXBuildFile; fileRef = 81F6A7D22CA0532D0059FE6F /* LocationListCellData.swift */; };
		81F6A7DA2CA053B20059FE6F /* NewLocationViewController.swift in Sources */ = {isa = PBXBuildFile; fileRef = 81F6A7D92CA053B20059FE6F /* NewLocationViewController.swift */; };
		81F800612C99CF720033C464 /* Pretendard-Light.otf in Resources */ = {isa = PBXBuildFile; fileRef = 81F800582C99CF720033C464 /* Pretendard-Light.otf */; };
		81F800622C99CF720033C464 /* Pretendard-Black.otf in Resources */ = {isa = PBXBuildFile; fileRef = 81F800592C99CF720033C464 /* Pretendard-Black.otf */; };
		81F800632C99CF720033C464 /* Pretendard-Bold.otf in Resources */ = {isa = PBXBuildFile; fileRef = 81F8005A2C99CF720033C464 /* Pretendard-Bold.otf */; };
		81F800642C99CF720033C464 /* Pretendard-ExtraLight.otf in Resources */ = {isa = PBXBuildFile; fileRef = 81F8005B2C99CF720033C464 /* Pretendard-ExtraLight.otf */; };
		81F800652C99CF720033C464 /* Pretendard-Medium.otf in Resources */ = {isa = PBXBuildFile; fileRef = 81F8005C2C99CF720033C464 /* Pretendard-Medium.otf */; };
		81F800662C99CF720033C464 /* Pretendard-Regular.otf in Resources */ = {isa = PBXBuildFile; fileRef = 81F8005D2C99CF720033C464 /* Pretendard-Regular.otf */; };
		81F800672C99CF720033C464 /* Pretendard-Thin.otf in Resources */ = {isa = PBXBuildFile; fileRef = 81F8005E2C99CF720033C464 /* Pretendard-Thin.otf */; };
		81F800682C99CF720033C464 /* Pretendard-SemiBold.otf in Resources */ = {isa = PBXBuildFile; fileRef = 81F8005F2C99CF720033C464 /* Pretendard-SemiBold.otf */; };
		81F800692C99CF720033C464 /* Pretendard-ExtraBold.otf in Resources */ = {isa = PBXBuildFile; fileRef = 81F800602C99CF720033C464 /* Pretendard-ExtraBold.otf */; };
/* End PBXBuildFile section */

/* Begin PBXFileReference section */
		38B6CB52784C5A19DF9EED24 /* Pods-TripPlus.debug.xcconfig */ = {isa = PBXFileReference; includeInIndex = 1; lastKnownFileType = text.xcconfig; name = "Pods-TripPlus.debug.xcconfig"; path = "Target Support Files/Pods-TripPlus/Pods-TripPlus.debug.xcconfig"; sourceTree = "<group>"; };
		810A19382C723859003C168B /* TripPlus.app */ = {isa = PBXFileReference; explicitFileType = wrapper.application; includeInIndex = 0; path = TripPlus.app; sourceTree = BUILT_PRODUCTS_DIR; };
		810A193B2C723859003C168B /* AppDelegate.swift */ = {isa = PBXFileReference; lastKnownFileType = sourcecode.swift; path = AppDelegate.swift; sourceTree = "<group>"; };
		810A193D2C723859003C168B /* SceneDelegate.swift */ = {isa = PBXFileReference; lastKnownFileType = sourcecode.swift; path = SceneDelegate.swift; sourceTree = "<group>"; };
		810A19422C723859003C168B /* Base */ = {isa = PBXFileReference; lastKnownFileType = file.storyboard; name = Base; path = Base.lproj/Main.storyboard; sourceTree = "<group>"; };
		810A19442C72385B003C168B /* Assets.xcassets */ = {isa = PBXFileReference; lastKnownFileType = folder.assetcatalog; path = Assets.xcassets; sourceTree = "<group>"; };
		810A19472C72385B003C168B /* Base */ = {isa = PBXFileReference; lastKnownFileType = file.storyboard; name = Base; path = Base.lproj/LaunchScreen.storyboard; sourceTree = "<group>"; };
		810A19492C72385B003C168B /* Info.plist */ = {isa = PBXFileReference; lastKnownFileType = text.plist.xml; path = Info.plist; sourceTree = "<group>"; };
		810A19502C7B423E003C168B /* Login.storyboard */ = {isa = PBXFileReference; lastKnownFileType = file.storyboard; path = Login.storyboard; sourceTree = "<group>"; };
		810A19542C7B4295003C168B /* LoginViewController.swift */ = {isa = PBXFileReference; lastKnownFileType = sourcecode.swift; path = LoginViewController.swift; sourceTree = "<group>"; };
		810A19592C7B42DB003C168B /* LoginRequest.swift */ = {isa = PBXFileReference; lastKnownFileType = sourcecode.swift; path = LoginRequest.swift; sourceTree = "<group>"; };
		810A195B2C7B42E7003C168B /* LoginResponse.swift */ = {isa = PBXFileReference; lastKnownFileType = sourcecode.swift; path = LoginResponse.swift; sourceTree = "<group>"; };
		810A195D2C7B431A003C168B /* LoginViewModel.swift */ = {isa = PBXFileReference; lastKnownFileType = sourcecode.swift; path = LoginViewModel.swift; sourceTree = "<group>"; };
		810A19612C7B4D6F003C168B /* APIManager.swift */ = {isa = PBXFileReference; lastKnownFileType = sourcecode.swift; path = APIManager.swift; sourceTree = "<group>"; };
		81F6A7CC2CA0463E0059FE6F /* CustomSearchBar.swift */ = {isa = PBXFileReference; lastKnownFileType = sourcecode.swift; path = CustomSearchBar.swift; sourceTree = "<group>"; };
		81F6A7CE2CA052FC0059FE6F /* LocationList.swift */ = {isa = PBXFileReference; lastKnownFileType = sourcecode.swift; path = LocationList.swift; sourceTree = "<group>"; };
		81F6A7D02CA053050059FE6F /* LocationListCell.swift */ = {isa = PBXFileReference; lastKnownFileType = sourcecode.swift; path = LocationListCell.swift; sourceTree = "<group>"; };
		81F6A7D22CA0532D0059FE6F /* LocationListCellData.swift */ = {isa = PBXFileReference; lastKnownFileType = sourcecode.swift; path = LocationListCellData.swift; sourceTree = "<group>"; };
		81F6A7D92CA053B20059FE6F /* NewLocationViewController.swift */ = {isa = PBXFileReference; lastKnownFileType = sourcecode.swift; path = NewLocationViewController.swift; sourceTree = "<group>"; };
		81F800582C99CF720033C464 /* Pretendard-Light.otf */ = {isa = PBXFileReference; lastKnownFileType = file; path = "Pretendard-Light.otf"; sourceTree = "<group>"; };
		81F800592C99CF720033C464 /* Pretendard-Black.otf */ = {isa = PBXFileReference; lastKnownFileType = file; path = "Pretendard-Black.otf"; sourceTree = "<group>"; };
		81F8005A2C99CF720033C464 /* Pretendard-Bold.otf */ = {isa = PBXFileReference; lastKnownFileType = file; path = "Pretendard-Bold.otf"; sourceTree = "<group>"; };
		81F8005B2C99CF720033C464 /* Pretendard-ExtraLight.otf */ = {isa = PBXFileReference; lastKnownFileType = file; path = "Pretendard-ExtraLight.otf"; sourceTree = "<group>"; };
		81F8005C2C99CF720033C464 /* Pretendard-Medium.otf */ = {isa = PBXFileReference; lastKnownFileType = file; path = "Pretendard-Medium.otf"; sourceTree = "<group>"; };
		81F8005D2C99CF720033C464 /* Pretendard-Regular.otf */ = {isa = PBXFileReference; lastKnownFileType = file; path = "Pretendard-Regular.otf"; sourceTree = "<group>"; };
		81F8005E2C99CF720033C464 /* Pretendard-Thin.otf */ = {isa = PBXFileReference; lastKnownFileType = file; path = "Pretendard-Thin.otf"; sourceTree = "<group>"; };
		81F8005F2C99CF720033C464 /* Pretendard-SemiBold.otf */ = {isa = PBXFileReference; lastKnownFileType = file; path = "Pretendard-SemiBold.otf"; sourceTree = "<group>"; };
		81F800602C99CF720033C464 /* Pretendard-ExtraBold.otf */ = {isa = PBXFileReference; lastKnownFileType = file; path = "Pretendard-ExtraBold.otf"; sourceTree = "<group>"; };
		9835D1350C85BA0FD5E41D95 /* Pods_TripPlus.framework */ = {isa = PBXFileReference; explicitFileType = wrapper.framework; includeInIndex = 0; path = Pods_TripPlus.framework; sourceTree = BUILT_PRODUCTS_DIR; };
		E5468B6947D9BE9FED87B542 /* Pods-TripPlus.release.xcconfig */ = {isa = PBXFileReference; includeInIndex = 1; lastKnownFileType = text.xcconfig; name = "Pods-TripPlus.release.xcconfig"; path = "Target Support Files/Pods-TripPlus/Pods-TripPlus.release.xcconfig"; sourceTree = "<group>"; };
/* End PBXFileReference section */

/* Begin PBXFileSystemSynchronizedRootGroup section */
		8163D37D2D0B2F81001075F1 /* CommonView */ = {isa = PBXFileSystemSynchronizedRootGroup; explicitFileTypes = {}; explicitFolders = (); path = CommonView; sourceTree = "<group>"; };
		81BA56972CF759C40007FA69 /* Model */ = {isa = PBXFileSystemSynchronizedRootGroup; explicitFileTypes = {}; explicitFolders = (); path = Model; sourceTree = "<group>"; };
		81BA56982CF759C80007FA69 /* ViewModel */ = {isa = PBXFileSystemSynchronizedRootGroup; explicitFileTypes = {}; explicitFolders = (); path = ViewModel; sourceTree = "<group>"; };
		81BA569A2CF759D40007FA69 /* View */ = {isa = PBXFileSystemSynchronizedRootGroup; explicitFileTypes = {}; explicitFolders = (); path = View; sourceTree = "<group>"; };
/* End PBXFileSystemSynchronizedRootGroup section */

/* Begin PBXFrameworksBuildPhase section */
		810A19352C723859003C168B /* Frameworks */ = {
			isa = PBXFrameworksBuildPhase;
			buildActionMask = 2147483647;
			files = (
				321F3D7A9A2A7212B763C920 /* Pods_TripPlus.framework in Frameworks */,
			);
			runOnlyForDeploymentPostprocessing = 0;
		};
/* End PBXFrameworksBuildPhase section */

/* Begin PBXGroup section */
		182B7A27864760E6E35D5094 /* Pods */ = {
			isa = PBXGroup;
			children = (
				38B6CB52784C5A19DF9EED24 /* Pods-TripPlus.debug.xcconfig */,
				E5468B6947D9BE9FED87B542 /* Pods-TripPlus.release.xcconfig */,
			);
			path = Pods;
			sourceTree = "<group>";
		};
		810A192F2C723859003C168B = {
			isa = PBXGroup;
			children = (
				810A193A2C723859003C168B /* TripPlus */,
				810A19392C723859003C168B /* Products */,
				182B7A27864760E6E35D5094 /* Pods */,
				92121300DC2843DDB75F7F0D /* Frameworks */,
			);
			sourceTree = "<group>";
		};
		810A19392C723859003C168B /* Products */ = {
			isa = PBXGroup;
			children = (
				810A19382C723859003C168B /* TripPlus.app */,
			);
			name = Products;
			sourceTree = "<group>";
		};
		810A193A2C723859003C168B /* TripPlus */ = {
			isa = PBXGroup;
			children = (
				810A19462C72385B003C168B /* LaunchScreen.storyboard */,
				810A193B2C723859003C168B /* AppDelegate.swift */,
				810A193D2C723859003C168B /* SceneDelegate.swift */,
				810A19602C7B4D12003C168B /* CommonModel */,
				8163D37D2D0B2F81001075F1 /* CommonView */,
				81F6A7D42CA053420059FE6F /* MakingNewTrip */,
				810A194F2C7B41F5003C168B /* Login&CreateAccount */,
				810A195F2C7B433B003C168B /* Home */,
				810A19442C72385B003C168B /* Assets.xcassets */,
				810A19492C72385B003C168B /* Info.plist */,
				81F800572C99CF5D0033C464 /* Fonts */,
			);
			path = TripPlus;
			sourceTree = "<group>";
		};
		810A194F2C7B41F5003C168B /* Login&CreateAccount */ = {
			isa = PBXGroup;
			children = (
				810A19502C7B423E003C168B /* Login.storyboard */,
				810A19582C7B42BA003C168B /* Model */,
				810A19572C7B42B8003C168B /* View */,
				810A19562C7B42B5003C168B /* ViewModel */,
			);
			path = "Login&CreateAccount";
			sourceTree = "<group>";
		};
		810A19562C7B42B5003C168B /* ViewModel */ = {
			isa = PBXGroup;
			children = (
				810A195D2C7B431A003C168B /* LoginViewModel.swift */,
			);
			path = ViewModel;
			sourceTree = "<group>";
		};
		810A19572C7B42B8003C168B /* View */ = {
			isa = PBXGroup;
			children = (
				810A19542C7B4295003C168B /* LoginViewController.swift */,
			);
			path = View;
			sourceTree = "<group>";
		};
		810A19582C7B42BA003C168B /* Model */ = {
			isa = PBXGroup;
			children = (
				810A19592C7B42DB003C168B /* LoginRequest.swift */,
				810A195B2C7B42E7003C168B /* LoginResponse.swift */,
			);
			path = Model;
			sourceTree = "<group>";
		};
		810A195F2C7B433B003C168B /* Home */ = {
			isa = PBXGroup;
			children = (
				81BA56972CF759C40007FA69 /* Model */,
				81BA56982CF759C80007FA69 /* ViewModel */,
				81BA569A2CF759D40007FA69 /* View */,
				810A19412C723859003C168B /* Main.storyboard */,
			);
			path = Home;
			sourceTree = "<group>";
		};
		810A19602C7B4D12003C168B /* CommonModel */ = {
			isa = PBXGroup;
			children = (
				810A19612C7B4D6F003C168B /* APIManager.swift */,
			);
			path = CommonModel;
			sourceTree = "<group>";
		};
		81F6A7D42CA053420059FE6F /* MakingNewTrip */ = {
			isa = PBXGroup;
			children = (
				81F6A7D52CA053720059FE6F /* NewLocation */,
			);
			path = MakingNewTrip;
			sourceTree = "<group>";
		};
		81F6A7D52CA053720059FE6F /* NewLocation */ = {
			isa = PBXGroup;
			children = (
				81F6A7D82CA053810059FE6F /* Model */,
				81F6A7D72CA0537F0059FE6F /* View */,
				81F6A7D62CA0537C0059FE6F /* ViewModel */,
			);
			path = NewLocation;
			sourceTree = "<group>";
		};
		81F6A7D62CA0537C0059FE6F /* ViewModel */ = {
			isa = PBXGroup;
			children = (
			);
			path = ViewModel;
			sourceTree = "<group>";
		};
		81F6A7D72CA0537F0059FE6F /* View */ = {
			isa = PBXGroup;
			children = (
				81F6A7D92CA053B20059FE6F /* NewLocationViewController.swift */,
				81F6A7CC2CA0463E0059FE6F /* CustomSearchBar.swift */,
				81F6A7CE2CA052FC0059FE6F /* LocationList.swift */,
				81F6A7D02CA053050059FE6F /* LocationListCell.swift */,
			);
			path = View;
			sourceTree = "<group>";
		};
		81F6A7D82CA053810059FE6F /* Model */ = {
			isa = PBXGroup;
			children = (
				81F6A7D22CA0532D0059FE6F /* LocationListCellData.swift */,
			);
			path = Model;
			sourceTree = "<group>";
		};
		81F800572C99CF5D0033C464 /* Fonts */ = {
			isa = PBXGroup;
			children = (
				81F800592C99CF720033C464 /* Pretendard-Black.otf */,
				81F8005A2C99CF720033C464 /* Pretendard-Bold.otf */,
				81F800602C99CF720033C464 /* Pretendard-ExtraBold.otf */,
				81F8005B2C99CF720033C464 /* Pretendard-ExtraLight.otf */,
				81F800582C99CF720033C464 /* Pretendard-Light.otf */,
				81F8005C2C99CF720033C464 /* Pretendard-Medium.otf */,
				81F8005D2C99CF720033C464 /* Pretendard-Regular.otf */,
				81F8005F2C99CF720033C464 /* Pretendard-SemiBold.otf */,
				81F8005E2C99CF720033C464 /* Pretendard-Thin.otf */,
			);
			path = Fonts;
			sourceTree = "<group>";
		};
		92121300DC2843DDB75F7F0D /* Frameworks */ = {
			isa = PBXGroup;
			children = (
				9835D1350C85BA0FD5E41D95 /* Pods_TripPlus.framework */,
			);
			name = Frameworks;
			sourceTree = "<group>";
		};
/* End PBXGroup section */

/* Begin PBXNativeTarget section */
		810A19372C723859003C168B /* TripPlus */ = {
			isa = PBXNativeTarget;
			buildConfigurationList = 810A194C2C72385B003C168B /* Build configuration list for PBXNativeTarget "TripPlus" */;
			buildPhases = (
				FE0C6C45BD7134A4DF29F2FD /* [CP] Check Pods Manifest.lock */,
				810A19342C723859003C168B /* Sources */,
				810A19352C723859003C168B /* Frameworks */,
				810A19362C723859003C168B /* Resources */,
				21FCC9DBDC365056FA1356C1 /* [CP] Embed Pods Frameworks */,
			);
			buildRules = (
			);
			dependencies = (
			);
			fileSystemSynchronizedGroups = (
				8163D37D2D0B2F81001075F1 /* CommonView */,
				81BA56972CF759C40007FA69 /* Model */,
				81BA56982CF759C80007FA69 /* ViewModel */,
				81BA569A2CF759D40007FA69 /* View */,
			);
			name = TripPlus;
			productName = TripPlus;
			productReference = 810A19382C723859003C168B /* TripPlus.app */;
			productType = "com.apple.product-type.application";
		};
/* End PBXNativeTarget section */

/* Begin PBXProject section */
		810A19302C723859003C168B /* Project object */ = {
			isa = PBXProject;
			attributes = {
				BuildIndependentTargetsInParallel = 1;
				LastSwiftUpdateCheck = 1530;
				LastUpgradeCheck = 1530;
				TargetAttributes = {
					810A19372C723859003C168B = {
						CreatedOnToolsVersion = 15.3;
					};
				};
			};
			buildConfigurationList = 810A19332C723859003C168B /* Build configuration list for PBXProject "TripPlus" */;
			compatibilityVersion = "Xcode 14.0";
			developmentRegion = en;
			hasScannedForEncodings = 0;
			knownRegions = (
				en,
				Base,
			);
			mainGroup = 810A192F2C723859003C168B;
			productRefGroup = 810A19392C723859003C168B /* Products */;
			projectDirPath = "";
			projectRoot = "";
			targets = (
				810A19372C723859003C168B /* TripPlus */,
			);
		};
/* End PBXProject section */

/* Begin PBXResourcesBuildPhase section */
		810A19362C723859003C168B /* Resources */ = {
			isa = PBXResourcesBuildPhase;
			buildActionMask = 2147483647;
			files = (
				810A19512C7B423E003C168B /* Login.storyboard in Resources */,
				810A19452C72385B003C168B /* Assets.xcassets in Resources */,
				81F800642C99CF720033C464 /* Pretendard-ExtraLight.otf in Resources */,
				81F800682C99CF720033C464 /* Pretendard-SemiBold.otf in Resources */,
				81F800632C99CF720033C464 /* Pretendard-Bold.otf in Resources */,
				810A19482C72385B003C168B /* Base in Resources */,
				81F800612C99CF720033C464 /* Pretendard-Light.otf in Resources */,
				81F800622C99CF720033C464 /* Pretendard-Black.otf in Resources */,
				81F800662C99CF720033C464 /* Pretendard-Regular.otf in Resources */,
				81F800692C99CF720033C464 /* Pretendard-ExtraBold.otf in Resources */,
				810A19432C723859003C168B /* Base in Resources */,
				81F800672C99CF720033C464 /* Pretendard-Thin.otf in Resources */,
				81F800652C99CF720033C464 /* Pretendard-Medium.otf in Resources */,
			);
			runOnlyForDeploymentPostprocessing = 0;
		};
/* End PBXResourcesBuildPhase section */

/* Begin PBXShellScriptBuildPhase section */
		21FCC9DBDC365056FA1356C1 /* [CP] Embed Pods Frameworks */ = {
			isa = PBXShellScriptBuildPhase;
			buildActionMask = 2147483647;
			files = (
			);
			inputFileListPaths = (
				"${PODS_ROOT}/Target Support Files/Pods-TripPlus/Pods-TripPlus-frameworks-${CONFIGURATION}-input-files.xcfilelist",
			);
			name = "[CP] Embed Pods Frameworks";
			outputFileListPaths = (
				"${PODS_ROOT}/Target Support Files/Pods-TripPlus/Pods-TripPlus-frameworks-${CONFIGURATION}-output-files.xcfilelist",
			);
			runOnlyForDeploymentPostprocessing = 0;
			shellPath = /bin/sh;
			shellScript = "\"${PODS_ROOT}/Target Support Files/Pods-TripPlus/Pods-TripPlus-frameworks.sh\"\n";
			showEnvVarsInLog = 0;
		};
		FE0C6C45BD7134A4DF29F2FD /* [CP] Check Pods Manifest.lock */ = {
			isa = PBXShellScriptBuildPhase;
			buildActionMask = 2147483647;
			files = (
			);
			inputFileListPaths = (
			);
			inputPaths = (
				"${PODS_PODFILE_DIR_PATH}/Podfile.lock",
				"${PODS_ROOT}/Manifest.lock",
			);
			name = "[CP] Check Pods Manifest.lock";
			outputFileListPaths = (
			);
			outputPaths = (
				"$(DERIVED_FILE_DIR)/Pods-TripPlus-checkManifestLockResult.txt",
			);
			runOnlyForDeploymentPostprocessing = 0;
			shellPath = /bin/sh;
			shellScript = "diff \"${PODS_PODFILE_DIR_PATH}/Podfile.lock\" \"${PODS_ROOT}/Manifest.lock\" > /dev/null\nif [ $? != 0 ] ; then\n    # print error to STDERR\n    echo \"error: The sandbox is not in sync with the Podfile.lock. Run 'pod install' or update your CocoaPods installation.\" >&2\n    exit 1\nfi\n# This output is used by Xcode 'outputs' to avoid re-running this script phase.\necho \"SUCCESS\" > \"${SCRIPT_OUTPUT_FILE_0}\"\n";
			showEnvVarsInLog = 0;
		};
/* End PBXShellScriptBuildPhase section */

/* Begin PBXSourcesBuildPhase section */
		810A19342C723859003C168B /* Sources */ = {
			isa = PBXSourcesBuildPhase;
			buildActionMask = 2147483647;
			files = (
				810A19622C7B4D6F003C168B /* APIManager.swift in Sources */,
				810A19552C7B4295003C168B /* LoginViewController.swift in Sources */,
				810A195C2C7B42E7003C168B /* LoginResponse.swift in Sources */,
				81F6A7D32CA0532D0059FE6F /* LocationListCellData.swift in Sources */,
				81F6A7CF2CA052FC0059FE6F /* LocationList.swift in Sources */,
				810A193C2C723859003C168B /* AppDelegate.swift in Sources */,
				810A195A2C7B42DB003C168B /* LoginRequest.swift in Sources */,
				810A193E2C723859003C168B /* SceneDelegate.swift in Sources */,
				81F6A7CD2CA0463E0059FE6F /* CustomSearchBar.swift in Sources */,
				81F6A7DA2CA053B20059FE6F /* NewLocationViewController.swift in Sources */,
				810A195E2C7B431A003C168B /* LoginViewModel.swift in Sources */,
				81F6A7D12CA053050059FE6F /* LocationListCell.swift in Sources */,
			);
			runOnlyForDeploymentPostprocessing = 0;
		};
/* End PBXSourcesBuildPhase section */

/* Begin PBXVariantGroup section */
		810A19412C723859003C168B /* Main.storyboard */ = {
			isa = PBXVariantGroup;
			children = (
				810A19422C723859003C168B /* Base */,
			);
			name = Main.storyboard;
			sourceTree = "<group>";
		};
		810A19462C72385B003C168B /* LaunchScreen.storyboard */ = {
			isa = PBXVariantGroup;
			children = (
				810A19472C72385B003C168B /* Base */,
			);
			name = LaunchScreen.storyboard;
			sourceTree = "<group>";
		};
/* End PBXVariantGroup section */

/* Begin XCBuildConfiguration section */
		810A194A2C72385B003C168B /* Debug */ = {
			isa = XCBuildConfiguration;
			buildSettings = {
				ALWAYS_SEARCH_USER_PATHS = NO;
				ASSETCATALOG_COMPILER_GENERATE_SWIFT_ASSET_SYMBOL_EXTENSIONS = YES;
				CLANG_ANALYZER_NONNULL = YES;
				CLANG_ANALYZER_NUMBER_OBJECT_CONVERSION = YES_AGGRESSIVE;
				CLANG_CXX_LANGUAGE_STANDARD = "gnu++20";
				CLANG_ENABLE_MODULES = YES;
				CLANG_ENABLE_OBJC_ARC = YES;
				CLANG_ENABLE_OBJC_WEAK = YES;
				CLANG_WARN_BLOCK_CAPTURE_AUTORELEASING = YES;
				CLANG_WARN_BOOL_CONVERSION = YES;
				CLANG_WARN_COMMA = YES;
				CLANG_WARN_CONSTANT_CONVERSION = YES;
				CLANG_WARN_DEPRECATED_OBJC_IMPLEMENTATIONS = YES;
				CLANG_WARN_DIRECT_OBJC_ISA_USAGE = YES_ERROR;
				CLANG_WARN_DOCUMENTATION_COMMENTS = YES;
				CLANG_WARN_EMPTY_BODY = YES;
				CLANG_WARN_ENUM_CONVERSION = YES;
				CLANG_WARN_INFINITE_RECURSION = YES;
				CLANG_WARN_INT_CONVERSION = YES;
				CLANG_WARN_NON_LITERAL_NULL_CONVERSION = YES;
				CLANG_WARN_OBJC_IMPLICIT_RETAIN_SELF = YES;
				CLANG_WARN_OBJC_LITERAL_CONVERSION = YES;
				CLANG_WARN_OBJC_ROOT_CLASS = YES_ERROR;
				CLANG_WARN_QUOTED_INCLUDE_IN_FRAMEWORK_HEADER = YES;
				CLANG_WARN_RANGE_LOOP_ANALYSIS = YES;
				CLANG_WARN_STRICT_PROTOTYPES = YES;
				CLANG_WARN_SUSPICIOUS_MOVE = YES;
				CLANG_WARN_UNGUARDED_AVAILABILITY = YES_AGGRESSIVE;
				CLANG_WARN_UNREACHABLE_CODE = YES;
				CLANG_WARN__DUPLICATE_METHOD_MATCH = YES;
				COPY_PHASE_STRIP = NO;
				DEBUG_INFORMATION_FORMAT = dwarf;
				ENABLE_STRICT_OBJC_MSGSEND = YES;
				ENABLE_TESTABILITY = YES;
				ENABLE_USER_SCRIPT_SANDBOXING = NO;
				GCC_C_LANGUAGE_STANDARD = gnu17;
				GCC_DYNAMIC_NO_PIC = NO;
				GCC_NO_COMMON_BLOCKS = YES;
				GCC_OPTIMIZATION_LEVEL = 0;
				GCC_PREPROCESSOR_DEFINITIONS = (
					"DEBUG=1",
					"$(inherited)",
				);
				GCC_WARN_64_TO_32_BIT_CONVERSION = YES;
				GCC_WARN_ABOUT_RETURN_TYPE = YES_ERROR;
				GCC_WARN_UNDECLARED_SELECTOR = YES;
				GCC_WARN_UNINITIALIZED_AUTOS = YES_AGGRESSIVE;
				GCC_WARN_UNUSED_FUNCTION = YES;
				GCC_WARN_UNUSED_VARIABLE = YES;
				IPHONEOS_DEPLOYMENT_TARGET = 17.4;
				LOCALIZATION_PREFERS_STRING_CATALOGS = YES;
				MTL_ENABLE_DEBUG_INFO = INCLUDE_SOURCE;
				MTL_FAST_MATH = YES;
				ONLY_ACTIVE_ARCH = YES;
				SDKROOT = iphoneos;
				SWIFT_ACTIVE_COMPILATION_CONDITIONS = "DEBUG $(inherited)";
				SWIFT_OPTIMIZATION_LEVEL = "-Onone";
			};
			name = Debug;
		};
		810A194B2C72385B003C168B /* Release */ = {
			isa = XCBuildConfiguration;
			buildSettings = {
				ALWAYS_SEARCH_USER_PATHS = NO;
				ASSETCATALOG_COMPILER_GENERATE_SWIFT_ASSET_SYMBOL_EXTENSIONS = YES;
				CLANG_ANALYZER_NONNULL = YES;
				CLANG_ANALYZER_NUMBER_OBJECT_CONVERSION = YES_AGGRESSIVE;
				CLANG_CXX_LANGUAGE_STANDARD = "gnu++20";
				CLANG_ENABLE_MODULES = YES;
				CLANG_ENABLE_OBJC_ARC = YES;
				CLANG_ENABLE_OBJC_WEAK = YES;
				CLANG_WARN_BLOCK_CAPTURE_AUTORELEASING = YES;
				CLANG_WARN_BOOL_CONVERSION = YES;
				CLANG_WARN_COMMA = YES;
				CLANG_WARN_CONSTANT_CONVERSION = YES;
				CLANG_WARN_DEPRECATED_OBJC_IMPLEMENTATIONS = YES;
				CLANG_WARN_DIRECT_OBJC_ISA_USAGE = YES_ERROR;
				CLANG_WARN_DOCUMENTATION_COMMENTS = YES;
				CLANG_WARN_EMPTY_BODY = YES;
				CLANG_WARN_ENUM_CONVERSION = YES;
				CLANG_WARN_INFINITE_RECURSION = YES;
				CLANG_WARN_INT_CONVERSION = YES;
				CLANG_WARN_NON_LITERAL_NULL_CONVERSION = YES;
				CLANG_WARN_OBJC_IMPLICIT_RETAIN_SELF = YES;
				CLANG_WARN_OBJC_LITERAL_CONVERSION = YES;
				CLANG_WARN_OBJC_ROOT_CLASS = YES_ERROR;
				CLANG_WARN_QUOTED_INCLUDE_IN_FRAMEWORK_HEADER = YES;
				CLANG_WARN_RANGE_LOOP_ANALYSIS = YES;
				CLANG_WARN_STRICT_PROTOTYPES = YES;
				CLANG_WARN_SUSPICIOUS_MOVE = YES;
				CLANG_WARN_UNGUARDED_AVAILABILITY = YES_AGGRESSIVE;
				CLANG_WARN_UNREACHABLE_CODE = YES;
				CLANG_WARN__DUPLICATE_METHOD_MATCH = YES;
				COPY_PHASE_STRIP = NO;
				DEBUG_INFORMATION_FORMAT = "dwarf-with-dsym";
				ENABLE_NS_ASSERTIONS = NO;
				ENABLE_STRICT_OBJC_MSGSEND = YES;
				ENABLE_USER_SCRIPT_SANDBOXING = NO;
				GCC_C_LANGUAGE_STANDARD = gnu17;
				GCC_NO_COMMON_BLOCKS = YES;
				GCC_WARN_64_TO_32_BIT_CONVERSION = YES;
				GCC_WARN_ABOUT_RETURN_TYPE = YES_ERROR;
				GCC_WARN_UNDECLARED_SELECTOR = YES;
				GCC_WARN_UNINITIALIZED_AUTOS = YES_AGGRESSIVE;
				GCC_WARN_UNUSED_FUNCTION = YES;
				GCC_WARN_UNUSED_VARIABLE = YES;
				IPHONEOS_DEPLOYMENT_TARGET = 17.4;
				LOCALIZATION_PREFERS_STRING_CATALOGS = YES;
				MTL_ENABLE_DEBUG_INFO = NO;
				MTL_FAST_MATH = YES;
				SDKROOT = iphoneos;
				SWIFT_COMPILATION_MODE = wholemodule;
				VALIDATE_PRODUCT = YES;
			};
			name = Release;
		};
		810A194D2C72385B003C168B /* Debug */ = {
			isa = XCBuildConfiguration;
			baseConfigurationReference = 38B6CB52784C5A19DF9EED24 /* Pods-TripPlus.debug.xcconfig */;
			buildSettings = {
				ASSETCATALOG_COMPILER_APPICON_NAME = AppIcon;
				ASSETCATALOG_COMPILER_GLOBAL_ACCENT_COLOR_NAME = AccentColor;
				CODE_SIGN_STYLE = Automatic;
				CURRENT_PROJECT_VERSION = 1;
				DEVELOPMENT_TEAM = VR4TYTSTXA;
				GENERATE_INFOPLIST_FILE = YES;
				INFOPLIST_FILE = TripPlus/Info.plist;
				INFOPLIST_KEY_UIApplicationSupportsIndirectInputEvents = YES;
				INFOPLIST_KEY_UILaunchStoryboardName = LaunchScreen;
				INFOPLIST_KEY_UIMainStoryboardFile = Main;
				INFOPLIST_KEY_UISupportedInterfaceOrientations_iPad = "UIInterfaceOrientationPortrait UIInterfaceOrientationPortraitUpsideDown UIInterfaceOrientationLandscapeLeft UIInterfaceOrientationLandscapeRight";
				INFOPLIST_KEY_UISupportedInterfaceOrientations_iPhone = "UIInterfaceOrientationPortrait UIInterfaceOrientationLandscapeLeft UIInterfaceOrientationLandscapeRight";
				LD_RUNPATH_SEARCH_PATHS = (
					"$(inherited)",
					"@executable_path/Frameworks",
				);
				MARKETING_VERSION = 1.0;
				PRODUCT_BUNDLE_IDENTIFIER = daesang.TripPlus;
				PRODUCT_NAME = "$(TARGET_NAME)";
				SWIFT_EMIT_LOC_STRINGS = YES;
				SWIFT_VERSION = 5.0;
				TARGETED_DEVICE_FAMILY = "1,2";
			};
			name = Debug;
		};
		810A194E2C72385B003C168B /* Release */ = {
			isa = XCBuildConfiguration;
			baseConfigurationReference = E5468B6947D9BE9FED87B542 /* Pods-TripPlus.release.xcconfig */;
			buildSettings = {
				ASSETCATALOG_COMPILER_APPICON_NAME = AppIcon;
				ASSETCATALOG_COMPILER_GLOBAL_ACCENT_COLOR_NAME = AccentColor;
				CODE_SIGN_STYLE = Automatic;
				CURRENT_PROJECT_VERSION = 1;
				DEVELOPMENT_TEAM = VR4TYTSTXA;
				GENERATE_INFOPLIST_FILE = YES;
				INFOPLIST_FILE = TripPlus/Info.plist;
				INFOPLIST_KEY_UIApplicationSupportsIndirectInputEvents = YES;
				INFOPLIST_KEY_UILaunchStoryboardName = LaunchScreen;
				INFOPLIST_KEY_UIMainStoryboardFile = Main;
				INFOPLIST_KEY_UISupportedInterfaceOrientations_iPad = "UIInterfaceOrientationPortrait UIInterfaceOrientationPortraitUpsideDown UIInterfaceOrientationLandscapeLeft UIInterfaceOrientationLandscapeRight";
				INFOPLIST_KEY_UISupportedInterfaceOrientations_iPhone = "UIInterfaceOrientationPortrait UIInterfaceOrientationLandscapeLeft UIInterfaceOrientationLandscapeRight";
				LD_RUNPATH_SEARCH_PATHS = (
					"$(inherited)",
					"@executable_path/Frameworks",
				);
				MARKETING_VERSION = 1.0;
				PRODUCT_BUNDLE_IDENTIFIER = daesang.TripPlus;
				PRODUCT_NAME = "$(TARGET_NAME)";
				SWIFT_EMIT_LOC_STRINGS = YES;
				SWIFT_VERSION = 5.0;
				TARGETED_DEVICE_FAMILY = "1,2";
			};
			name = Release;
		};
/* End XCBuildConfiguration section */

/* Begin XCConfigurationList section */
		810A19332C723859003C168B /* Build configuration list for PBXProject "TripPlus" */ = {
			isa = XCConfigurationList;
			buildConfigurations = (
				810A194A2C72385B003C168B /* Debug */,
				810A194B2C72385B003C168B /* Release */,
			);
			defaultConfigurationIsVisible = 0;
			defaultConfigurationName = Release;
		};
		810A194C2C72385B003C168B /* Build configuration list for PBXNativeTarget "TripPlus" */ = {
			isa = XCConfigurationList;
			buildConfigurations = (
				810A194D2C72385B003C168B /* Debug */,
				810A194E2C72385B003C168B /* Release */,
			);
			defaultConfigurationIsVisible = 0;
			defaultConfigurationName = Release;
		};
/* End XCConfigurationList section */
	};
	rootObject = 810A19302C723859003C168B /* Project object */;
}
