// !$*UTF8*$!
{
	archiveVersion = 1;
	classes = {
	};
	objectVersion = 77;
	objects = {

/* Begin PBXBuildFile section */
		321F3D7A9A2A7212B763C920 /* Pods_TripPlus.framework in Frameworks */ = {isa = PBXBuildFile; fileRef = 9835D1350C85BA0FD5E41D95 /* Pods_TripPlus.framework */; };
		810A193C2C723859003C168B /* AppDelegate.swift in Sources */ = {isa = PBXBuildFile; fileRef = 810A193B2C723859003C168B /* AppDelegate.swift */; };
		810A193E2C723859003C168B /* SceneDelegate.swift in Sources */ = {isa = PBXBuildFile; fileRef = 810A193D2C723859003C168B /* SceneDelegate.swift */; };
		810A19432C723859003C168B /* Base in Resources */ = {isa = PBXBuildFile; fileRef = 810A19422C723859003C168B /* Base */; };
		810A19452C72385B003C168B /* Assets.xcassets in Resources */ = {isa = PBXBuildFile; fileRef = 810A19442C72385B003C168B /* Assets.xcassets */; };
		810A19482C72385B003C168B /* Base in Resources */ = {isa = PBXBuildFile; fileRef = 810A19472C72385B003C168B /* Base */; };
		810A19512C7B423E003C168B /* Login.storyboard in Resources */ = {isa = PBXBuildFile; fileRef = 810A19502C7B423E003C168B /* Login.storyboard */; };
		810A19552C7B4295003C168B /* LoginViewController.swift in Sources */ = {isa = PBXBuildFile; fileRef = 810A19542C7B4295003C168B /* LoginViewController.swift */; };
		810A195A2C7B42DB003C168B /* LoginRequest.swift in Sources */ = {isa = PBXBuildFile; fileRef = 810A19592C7B42DB003C168B /* LoginRequest.swift */; };
		810A195C2C7B42E7003C168B /* LoginResponse.swift in Sources */ = {isa = PBXBuildFile; fileRef = 810A195B2C7B42E7003C168B /* LoginResponse.swift */; };
		810A195E2C7B431A003C168B /* LoginViewModel_test.swift in Sources */ = {isa = PBXBuildFile; fileRef = 810A195D2C7B431A003C168B /* LoginViewModel_test.swift */; };
		810A19622C7B4D6F003C168B /* APIManager.swift in Sources */ = {isa = PBXBuildFile; fileRef = 810A19612C7B4D6F003C168B /* APIManager.swift */; };
		8134227A2D50F08900E3035B /* AlignedFlowLayout.swift in Sources */ = {isa = PBXBuildFile; fileRef = 813422722D50F08900E3035B /* AlignedFlowLayout.swift */; };
		8134227B2D50F08900E3035B /* CardCollectionViewCell.swift in Sources */ = {isa = PBXBuildFile; fileRef = 813422732D50F08900E3035B /* CardCollectionViewCell.swift */; };
		8134227C2D50F08900E3035B /* Combine+UIKit.swift in Sources */ = {isa = PBXBuildFile; fileRef = 813422742D50F08900E3035B /* Combine+UIKit.swift */; };
		8134227D2D50F08900E3035B /* CommonConstValue.swift in Sources */ = {isa = PBXBuildFile; fileRef = 813422752D50F08900E3035B /* CommonConstValue.swift */; };
		8134227E2D50F08900E3035B /* CommonTitle.swift in Sources */ = {isa = PBXBuildFile; fileRef = 813422762D50F08900E3035B /* CommonTitle.swift */; };
		8134227F2D50F08900E3035B /* LabelUtility.swift in Sources */ = {isa = PBXBuildFile; fileRef = 813422772D50F08900E3035B /* LabelUtility.swift */; };
		813422802D50F08900E3035B /* ListCollectionViewCell.swift in Sources */ = {isa = PBXBuildFile; fileRef = 813422782D50F08900E3035B /* ListCollectionViewCell.swift */; };
		813422822D50F0C200E3035B /* CommonMethod.swift in Sources */ = {isa = PBXBuildFile; fileRef = 813422812D50F0B300E3035B /* CommonMethod.swift */; };
		814F45022D47BBD600E5480C /* SearchBarView.swift in Sources */ = {isa = PBXBuildFile; fileRef = 814F44FB2D47BBD600E5480C /* SearchBarView.swift */; };
		814F45212D48168F00E5480C /* SelectedItems.swift in Sources */ = {isa = PBXBuildFile; fileRef = 814F45202D48168F00E5480C /* SelectedItems.swift */; };
		815EC2082D64F4A300C2A89B /* DateCollectionViewHeader.swift in Sources */ = {isa = PBXBuildFile; fileRef = 815EC2072D64F4A300C2A89B /* DateCollectionViewHeader.swift */; };
		817E74AC2DE8A4E80012311E /* PreparingPackagesViewController.swift in Sources */ = {isa = PBXBuildFile; fileRef = 817E74AB2DE8A4E80012311E /* PreparingPackagesViewController.swift */; };
		817E74AF2DE8A5350012311E /* SettingPackagesViewController.swift in Sources */ = {isa = PBXBuildFile; fileRef = 817E74AE2DE8A5350012311E /* SettingPackagesViewController.swift */; };
		817E74B12DE8B3310012311E /* PackageListTableViewCell.swift in Sources */ = {isa = PBXBuildFile; fileRef = 817E74B02DE8B3310012311E /* PackageListTableViewCell.swift */; };
		817E74B42DE8B3D60012311E /* AddNewPackageViewController.swift in Sources */ = {isa = PBXBuildFile; fileRef = 817E74B32DE8B3D60012311E /* AddNewPackageViewController.swift */; };
		817E74B62DE8B4180012311E /* PaleteCollectionViewCell.swift in Sources */ = {isa = PBXBuildFile; fileRef = 817E74B52DE8B4180012311E /* PaleteCollectionViewCell.swift */; };
		817E74B92DEB126E0012311E /* MyTripPageViewController.swift in Sources */ = {isa = PBXBuildFile; fileRef = 817E74B82DEB126E0012311E /* MyTripPageViewController.swift */; };
		817E74BB2DEB1FCA0012311E /* CustomSegment.swift in Sources */ = {isa = PBXBuildFile; fileRef = 817E74BA2DEB1FCA0012311E /* CustomSegment.swift */; };
		817E74BD2DEB20020012311E /* MyTripPackageListViewController.swift in Sources */ = {isa = PBXBuildFile; fileRef = 817E74BC2DEB20020012311E /* MyTripPackageListViewController.swift */; };
		817E74BF2DEB20240012311E /* MyTripPackageViewController.swift in Sources */ = {isa = PBXBuildFile; fileRef = 817E74BE2DEB20240012311E /* MyTripPackageViewController.swift */; };
		817E74C12DEB22360012311E /* MyTripListViewController.swift in Sources */ = {isa = PBXBuildFile; fileRef = 817E74C02DEB22360012311E /* MyTripListViewController.swift */; };
		817E74C32DEB22520012311E /* MyTripListCollectionViewCell.swift in Sources */ = {isa = PBXBuildFile; fileRef = 817E74C22DEB22520012311E /* MyTripListCollectionViewCell.swift */; };
		817E74C52DEB28570012311E /* TripPreviewData.swift in Sources */ = {isa = PBXBuildFile; fileRef = 817E74C42DEB28570012311E /* TripPreviewData.swift */; };
		817E74C72DEB28660012311E /* PackageCellData.swift in Sources */ = {isa = PBXBuildFile; fileRef = 817E74C62DEB28650012311E /* PackageCellData.swift */; };
		817E74C92DEB3AE20012311E /* MakingNewPackageViewModel.swift in Sources */ = {isa = PBXBuildFile; fileRef = 817E74C82DEB3AE20012311E /* MakingNewPackageViewModel.swift */; };
		818E9A3B2D75AA2F008B9144 /* NewTripProgressView.swift in Sources */ = {isa = PBXBuildFile; fileRef = 818E9A3A2D75AA2F008B9144 /* NewTripProgressView.swift */; };
		81AFD05F2DECC608008736C6 /* NewTripData.swift in Sources */ = {isa = PBXBuildFile; fileRef = 81AFD05E2DECC608008736C6 /* NewTripData.swift */; };
		81AFD0612DECCA8C008736C6 /* NewPackageData.swift in Sources */ = {isa = PBXBuildFile; fileRef = 81AFD0602DECCA8C008736C6 /* NewPackageData.swift */; };
		81DE3AEF2D2D825100707928 /* MakingNewTripModel.swift in Sources */ = {isa = PBXBuildFile; fileRef = 81DE3AEE2D2D825100707928 /* MakingNewTripModel.swift */; };
		81F6A7D32CA0532D0059FE6F /* LocationListCellData_test(deprecated).swift in Sources */ = {isa = PBXBuildFile; fileRef = 81F6A7D22CA0532D0059FE6F /* LocationListCellData_test(deprecated).swift */; };
		81F800612C99CF720033C464 /* Pretendard-Light.otf in Resources */ = {isa = PBXBuildFile; fileRef = 81F800582C99CF720033C464 /* Pretendard-Light.otf */; };
		81F800622C99CF720033C464 /* Pretendard-Black.otf in Resources */ = {isa = PBXBuildFile; fileRef = 81F800592C99CF720033C464 /* Pretendard-Black.otf */; };
		81F800632C99CF720033C464 /* Pretendard-Bold.otf in Resources */ = {isa = PBXBuildFile; fileRef = 81F8005A2C99CF720033C464 /* Pretendard-Bold.otf */; };
		81F800642C99CF720033C464 /* Pretendard-ExtraLight.otf in Resources */ = {isa = PBXBuildFile; fileRef = 81F8005B2C99CF720033C464 /* Pretendard-ExtraLight.otf */; };
		81F800652C99CF720033C464 /* Pretendard-Medium.otf in Resources */ = {isa = PBXBuildFile; fileRef = 81F8005C2C99CF720033C464 /* Pretendard-Medium.otf */; };
		81F800662C99CF720033C464 /* Pretendard-Regular.otf in Resources */ = {isa = PBXBuildFile; fileRef = 81F8005D2C99CF720033C464 /* Pretendard-Regular.otf */; };
		81F800672C99CF720033C464 /* Pretendard-Thin.otf in Resources */ = {isa = PBXBuildFile; fileRef = 81F8005E2C99CF720033C464 /* Pretendard-Thin.otf */; };
		81F800682C99CF720033C464 /* Pretendard-SemiBold.otf in Resources */ = {isa = PBXBuildFile; fileRef = 81F8005F2C99CF720033C464 /* Pretendard-SemiBold.otf */; };
		81F800692C99CF720033C464 /* Pretendard-ExtraBold.otf in Resources */ = {isa = PBXBuildFile; fileRef = 81F800602C99CF720033C464 /* Pretendard-ExtraBold.otf */; };
		81F958EC2D58957F00CDE027 /* CategoryCollectionViewCell.swift in Sources */ = {isa = PBXBuildFile; fileRef = 81F958E92D58957F00CDE027 /* CategoryCollectionViewCell.swift */; };
		81F958ED2D58957F00CDE027 /* SelectCategoryViewController.swift in Sources */ = {isa = PBXBuildFile; fileRef = 81F958EA2D58957F00CDE027 /* SelectCategoryViewController.swift */; };
		81F958F12D58959300CDE027 /* LocationCollectionViewCell.swift in Sources */ = {isa = PBXBuildFile; fileRef = 81F958EE2D58959300CDE027 /* LocationCollectionViewCell.swift */; };
		81F958F22D58959300CDE027 /* SelectLocationViewController.swift in Sources */ = {isa = PBXBuildFile; fileRef = 81F958EF2D58959300CDE027 /* SelectLocationViewController.swift */; };
		81F958F82D58959700CDE027 /* AddItemCell.swift in Sources */ = {isa = PBXBuildFile; fileRef = 81F958F32D58959700CDE027 /* AddItemCell.swift */; };
		81F958F92D58959700CDE027 /* MakingNewTripView.swift in Sources */ = {isa = PBXBuildFile; fileRef = 81F958F42D58959700CDE027 /* MakingNewTripView.swift */; };
		81F958FA2D58959700CDE027 /* MakingNewTripViewController.swift in Sources */ = {isa = PBXBuildFile; fileRef = 81F958F52D58959700CDE027 /* MakingNewTripViewController.swift */; };
		81F958FB2D58959700CDE027 /* RightAlignedCollectionViewCell.swift in Sources */ = {isa = PBXBuildFile; fileRef = 81F958F62D58959700CDE027 /* RightAlignedCollectionViewCell.swift */; };
		81F958FF2D58959900CDE027 /* MyTripEmptyView.swift in Sources */ = {isa = PBXBuildFile; fileRef = 81F958FC2D58959900CDE027 /* MyTripEmptyView.swift */; };
		81F959002D58959900CDE027 /* MyTripEmptyViewController(deprecated).swift in Sources */ = {isa = PBXBuildFile; fileRef = 81F958FD2D58959900CDE027 /* MyTripEmptyViewController(deprecated).swift */; };
		81F959032D5895DB00CDE027 /* SelectDateViewController.swift in Sources */ = {isa = PBXBuildFile; fileRef = 81F959022D5895C100CDE027 /* SelectDateViewController.swift */; };
		81F9592D2D58B75200CDE027 /* SelectDateView.swift in Sources */ = {isa = PBXBuildFile; fileRef = 81F9592C2D58B75200CDE027 /* SelectDateView.swift */; };
		81F9592F2D58E7EF00CDE027 /* DateCollectionViewCell.swift in Sources */ = {isa = PBXBuildFile; fileRef = 81F9592E2D58E7EF00CDE027 /* DateCollectionViewCell.swift */; };
		E81C33822DF598300062811D /* MakeNewTripCompleteViewController.swift in Sources */ = {isa = PBXBuildFile; fileRef = E81C33812DF598300062811D /* MakeNewTripCompleteViewController.swift */; };
		E8B946B92DED8E4400709A7D /* Color&Font.json in Resources */ = {isa = PBXBuildFile; fileRef = E8B946B82DED8E4400709A7D /* Color&Font.json */; };
		E8B946C52DEDCB1D00709A7D /* MakingCategoryViewModel.swift in Sources */ = {isa = PBXBuildFile; fileRef = E8B946C42DEDCB1D00709A7D /* MakingCategoryViewModel.swift */; };
		E8B946C72DEDCB3400709A7D /* MakingLocationViewModel.swift in Sources */ = {isa = PBXBuildFile; fileRef = E8B946C62DEDCB3400709A7D /* MakingLocationViewModel.swift */; };
		E8B946CC2DEDD04400709A7D /* NavigationViewModel.swift in Sources */ = {isa = PBXBuildFile; fileRef = E8B946CB2DEDD04400709A7D /* NavigationViewModel.swift */; };
		E8B946CE2DEDE0E900709A7D /* MakeDateViewModel.swift in Sources */ = {isa = PBXBuildFile; fileRef = E8B946CD2DEDE0E900709A7D /* MakeDateViewModel.swift */; };
		E8B946D02DEF3ECF00709A7D /* PaleteData.swift in Sources */ = {isa = PBXBuildFile; fileRef = E8B946CF2DEF3ECF00709A7D /* PaleteData.swift */; };
/* End PBXBuildFile section */

/* Begin PBXFileReference section */
		38B6CB52784C5A19DF9EED24 /* Pods-TripPlus.debug.xcconfig */ = {isa = PBXFileReference; includeInIndex = 1; lastKnownFileType = text.xcconfig; name = "Pods-TripPlus.debug.xcconfig"; path = "Target Support Files/Pods-TripPlus/Pods-TripPlus.debug.xcconfig"; sourceTree = "<group>"; };
		810A19382C723859003C168B /* TripPlus.app */ = {isa = PBXFileReference; explicitFileType = wrapper.application; includeInIndex = 0; path = TripPlus.app; sourceTree = BUILT_PRODUCTS_DIR; };
		810A193B2C723859003C168B /* AppDelegate.swift */ = {isa = PBXFileReference; lastKnownFileType = sourcecode.swift; path = AppDelegate.swift; sourceTree = "<group>"; };
		810A193D2C723859003C168B /* SceneDelegate.swift */ = {isa = PBXFileReference; lastKnownFileType = sourcecode.swift; path = SceneDelegate.swift; sourceTree = "<group>"; };
		810A19422C723859003C168B /* Base */ = {isa = PBXFileReference; lastKnownFileType = file.storyboard; name = Base; path = Base.lproj/Main.storyboard; sourceTree = "<group>"; };
		810A19442C72385B003C168B /* Assets.xcassets */ = {isa = PBXFileReference; lastKnownFileType = folder.assetcatalog; path = Assets.xcassets; sourceTree = "<group>"; };
		810A19472C72385B003C168B /* Base */ = {isa = PBXFileReference; lastKnownFileType = file.storyboard; name = Base; path = Base.lproj/LaunchScreen.storyboard; sourceTree = "<group>"; };
		810A19492C72385B003C168B /* Info.plist */ = {isa = PBXFileReference; lastKnownFileType = text.plist.xml; path = Info.plist; sourceTree = "<group>"; };
		810A19502C7B423E003C168B /* Login.storyboard */ = {isa = PBXFileReference; lastKnownFileType = file.storyboard; path = Login.storyboard; sourceTree = "<group>"; };
		810A19542C7B4295003C168B /* LoginViewController.swift */ = {isa = PBXFileReference; lastKnownFileType = sourcecode.swift; path = LoginViewController.swift; sourceTree = "<group>"; };
		810A19592C7B42DB003C168B /* LoginRequest.swift */ = {isa = PBXFileReference; lastKnownFileType = sourcecode.swift; path = LoginRequest.swift; sourceTree = "<group>"; };
		810A195B2C7B42E7003C168B /* LoginResponse.swift */ = {isa = PBXFileReference; lastKnownFileType = sourcecode.swift; path = LoginResponse.swift; sourceTree = "<group>"; };
		810A195D2C7B431A003C168B /* LoginViewModel_test.swift */ = {isa = PBXFileReference; lastKnownFileType = sourcecode.swift; path = LoginViewModel_test.swift; sourceTree = "<group>"; };
		810A19612C7B4D6F003C168B /* APIManager.swift */ = {isa = PBXFileReference; lastKnownFileType = sourcecode.swift; path = APIManager.swift; sourceTree = "<group>"; };
		813422722D50F08900E3035B /* AlignedFlowLayout.swift */ = {isa = PBXFileReference; lastKnownFileType = sourcecode.swift; path = AlignedFlowLayout.swift; sourceTree = "<group>"; };
		813422732D50F08900E3035B /* CardCollectionViewCell.swift */ = {isa = PBXFileReference; lastKnownFileType = sourcecode.swift; path = CardCollectionViewCell.swift; sourceTree = "<group>"; };
		813422742D50F08900E3035B /* Combine+UIKit.swift */ = {isa = PBXFileReference; lastKnownFileType = sourcecode.swift; path = "Combine+UIKit.swift"; sourceTree = "<group>"; };
		813422752D50F08900E3035B /* CommonConstValue.swift */ = {isa = PBXFileReference; lastKnownFileType = sourcecode.swift; path = CommonConstValue.swift; sourceTree = "<group>"; };
		813422762D50F08900E3035B /* CommonTitle.swift */ = {isa = PBXFileReference; lastKnownFileType = sourcecode.swift; path = CommonTitle.swift; sourceTree = "<group>"; };
		813422772D50F08900E3035B /* LabelUtility.swift */ = {isa = PBXFileReference; lastKnownFileType = sourcecode.swift; path = LabelUtility.swift; sourceTree = "<group>"; };
		813422782D50F08900E3035B /* ListCollectionViewCell.swift */ = {isa = PBXFileReference; lastKnownFileType = sourcecode.swift; path = ListCollectionViewCell.swift; sourceTree = "<group>"; };
		813422812D50F0B300E3035B /* CommonMethod.swift */ = {isa = PBXFileReference; lastKnownFileType = sourcecode.swift; path = CommonMethod.swift; sourceTree = "<group>"; };
		814F44FB2D47BBD600E5480C /* SearchBarView.swift */ = {isa = PBXFileReference; lastKnownFileType = sourcecode.swift; path = SearchBarView.swift; sourceTree = "<group>"; };
		814F45202D48168F00E5480C /* SelectedItems.swift */ = {isa = PBXFileReference; lastKnownFileType = sourcecode.swift; path = SelectedItems.swift; sourceTree = "<group>"; };
		815EC2072D64F4A300C2A89B /* DateCollectionViewHeader.swift */ = {isa = PBXFileReference; lastKnownFileType = sourcecode.swift; path = DateCollectionViewHeader.swift; sourceTree = "<group>"; };
		817E74AB2DE8A4E80012311E /* PreparingPackagesViewController.swift */ = {isa = PBXFileReference; lastKnownFileType = sourcecode.swift; path = PreparingPackagesViewController.swift; sourceTree = "<group>"; };
		817E74AE2DE8A5350012311E /* SettingPackagesViewController.swift */ = {isa = PBXFileReference; lastKnownFileType = sourcecode.swift; path = SettingPackagesViewController.swift; sourceTree = "<group>"; };
		817E74B02DE8B3310012311E /* PackageListTableViewCell.swift */ = {isa = PBXFileReference; lastKnownFileType = sourcecode.swift; path = PackageListTableViewCell.swift; sourceTree = "<group>"; };
		817E74B32DE8B3D60012311E /* AddNewPackageViewController.swift */ = {isa = PBXFileReference; lastKnownFileType = sourcecode.swift; path = AddNewPackageViewController.swift; sourceTree = "<group>"; };
		817E74B52DE8B4180012311E /* PaleteCollectionViewCell.swift */ = {isa = PBXFileReference; lastKnownFileType = sourcecode.swift; path = PaleteCollectionViewCell.swift; sourceTree = "<group>"; };
		817E74B82DEB126E0012311E /* MyTripPageViewController.swift */ = {isa = PBXFileReference; lastKnownFileType = sourcecode.swift; path = MyTripPageViewController.swift; sourceTree = "<group>"; };
		817E74BA2DEB1FCA0012311E /* CustomSegment.swift */ = {isa = PBXFileReference; lastKnownFileType = sourcecode.swift; path = CustomSegment.swift; sourceTree = "<group>"; };
		817E74BC2DEB20020012311E /* MyTripPackageListViewController.swift */ = {isa = PBXFileReference; lastKnownFileType = sourcecode.swift; path = MyTripPackageListViewController.swift; sourceTree = "<group>"; };
		817E74BE2DEB20240012311E /* MyTripPackageViewController.swift */ = {isa = PBXFileReference; lastKnownFileType = sourcecode.swift; path = MyTripPackageViewController.swift; sourceTree = "<group>"; };
		817E74C02DEB22360012311E /* MyTripListViewController.swift */ = {isa = PBXFileReference; lastKnownFileType = sourcecode.swift; path = MyTripListViewController.swift; sourceTree = "<group>"; };
		817E74C22DEB22520012311E /* MyTripListCollectionViewCell.swift */ = {isa = PBXFileReference; lastKnownFileType = sourcecode.swift; path = MyTripListCollectionViewCell.swift; sourceTree = "<group>"; };
		817E74C42DEB28570012311E /* TripPreviewData.swift */ = {isa = PBXFileReference; lastKnownFileType = sourcecode.swift; path = TripPreviewData.swift; sourceTree = "<group>"; };
		817E74C62DEB28650012311E /* PackageCellData.swift */ = {isa = PBXFileReference; lastKnownFileType = sourcecode.swift; path = PackageCellData.swift; sourceTree = "<group>"; };
		817E74C82DEB3AE20012311E /* MakingNewPackageViewModel.swift */ = {isa = PBXFileReference; lastKnownFileType = sourcecode.swift; path = MakingNewPackageViewModel.swift; sourceTree = "<group>"; };
		818E9A3A2D75AA2F008B9144 /* NewTripProgressView.swift */ = {isa = PBXFileReference; lastKnownFileType = sourcecode.swift; path = NewTripProgressView.swift; sourceTree = "<group>"; };
		81AFD05E2DECC608008736C6 /* NewTripData.swift */ = {isa = PBXFileReference; lastKnownFileType = sourcecode.swift; path = NewTripData.swift; sourceTree = "<group>"; };
		81AFD0602DECCA8C008736C6 /* NewPackageData.swift */ = {isa = PBXFileReference; lastKnownFileType = sourcecode.swift; path = NewPackageData.swift; sourceTree = "<group>"; };
		81DE3AEE2D2D825100707928 /* MakingNewTripModel.swift */ = {isa = PBXFileReference; lastKnownFileType = sourcecode.swift; path = MakingNewTripModel.swift; sourceTree = "<group>"; };
		81F6A7D22CA0532D0059FE6F /* LocationListCellData_test(deprecated).swift */ = {isa = PBXFileReference; lastKnownFileType = sourcecode.swift; path = "LocationListCellData_test(deprecated).swift"; sourceTree = "<group>"; };
		81F800582C99CF720033C464 /* Pretendard-Light.otf */ = {isa = PBXFileReference; lastKnownFileType = file; path = "Pretendard-Light.otf"; sourceTree = "<group>"; };
		81F800592C99CF720033C464 /* Pretendard-Black.otf */ = {isa = PBXFileReference; lastKnownFileType = file; path = "Pretendard-Black.otf"; sourceTree = "<group>"; };
		81F8005A2C99CF720033C464 /* Pretendard-Bold.otf */ = {isa = PBXFileReference; lastKnownFileType = file; path = "Pretendard-Bold.otf"; sourceTree = "<group>"; };
		81F8005B2C99CF720033C464 /* Pretendard-ExtraLight.otf */ = {isa = PBXFileReference; lastKnownFileType = file; path = "Pretendard-ExtraLight.otf"; sourceTree = "<group>"; };
		81F8005C2C99CF720033C464 /* Pretendard-Medium.otf */ = {isa = PBXFileReference; lastKnownFileType = file; path = "Pretendard-Medium.otf"; sourceTree = "<group>"; };
		81F8005D2C99CF720033C464 /* Pretendard-Regular.otf */ = {isa = PBXFileReference; lastKnownFileType = file; path = "Pretendard-Regular.otf"; sourceTree = "<group>"; };
		81F8005E2C99CF720033C464 /* Pretendard-Thin.otf */ = {isa = PBXFileReference; lastKnownFileType = file; path = "Pretendard-Thin.otf"; sourceTree = "<group>"; };
		81F8005F2C99CF720033C464 /* Pretendard-SemiBold.otf */ = {isa = PBXFileReference; lastKnownFileType = file; path = "Pretendard-SemiBold.otf"; sourceTree = "<group>"; };
		81F800602C99CF720033C464 /* Pretendard-ExtraBold.otf */ = {isa = PBXFileReference; lastKnownFileType = file; path = "Pretendard-ExtraBold.otf"; sourceTree = "<group>"; };
		81F958E92D58957F00CDE027 /* CategoryCollectionViewCell.swift */ = {isa = PBXFileReference; lastKnownFileType = sourcecode.swift; path = CategoryCollectionViewCell.swift; sourceTree = "<group>"; };
		81F958EA2D58957F00CDE027 /* SelectCategoryViewController.swift */ = {isa = PBXFileReference; lastKnownFileType = sourcecode.swift; path = SelectCategoryViewController.swift; sourceTree = "<group>"; };
		81F958EE2D58959300CDE027 /* LocationCollectionViewCell.swift */ = {isa = PBXFileReference; lastKnownFileType = sourcecode.swift; path = LocationCollectionViewCell.swift; sourceTree = "<group>"; };
		81F958EF2D58959300CDE027 /* SelectLocationViewController.swift */ = {isa = PBXFileReference; lastKnownFileType = sourcecode.swift; path = SelectLocationViewController.swift; sourceTree = "<group>"; };
		81F958F32D58959700CDE027 /* AddItemCell.swift */ = {isa = PBXFileReference; lastKnownFileType = sourcecode.swift; path = AddItemCell.swift; sourceTree = "<group>"; };
		81F958F42D58959700CDE027 /* MakingNewTripView.swift */ = {isa = PBXFileReference; lastKnownFileType = sourcecode.swift; path = MakingNewTripView.swift; sourceTree = "<group>"; };
		81F958F52D58959700CDE027 /* MakingNewTripViewController.swift */ = {isa = PBXFileReference; lastKnownFileType = sourcecode.swift; path = MakingNewTripViewController.swift; sourceTree = "<group>"; };
		81F958F62D58959700CDE027 /* RightAlignedCollectionViewCell.swift */ = {isa = PBXFileReference; lastKnownFileType = sourcecode.swift; path = RightAlignedCollectionViewCell.swift; sourceTree = "<group>"; };
		81F958FC2D58959900CDE027 /* MyTripEmptyView.swift */ = {isa = PBXFileReference; lastKnownFileType = sourcecode.swift; path = MyTripEmptyView.swift; sourceTree = "<group>"; };
		81F958FD2D58959900CDE027 /* MyTripEmptyViewController(deprecated).swift */ = {isa = PBXFileReference; lastKnownFileType = sourcecode.swift; path = "MyTripEmptyViewController(deprecated).swift"; sourceTree = "<group>"; };
		81F959022D5895C100CDE027 /* SelectDateViewController.swift */ = {isa = PBXFileReference; lastKnownFileType = sourcecode.swift; path = SelectDateViewController.swift; sourceTree = "<group>"; };
		81F9592C2D58B75200CDE027 /* SelectDateView.swift */ = {isa = PBXFileReference; lastKnownFileType = sourcecode.swift; path = SelectDateView.swift; sourceTree = "<group>"; };
		81F9592E2D58E7EF00CDE027 /* DateCollectionViewCell.swift */ = {isa = PBXFileReference; lastKnownFileType = sourcecode.swift; path = DateCollectionViewCell.swift; sourceTree = "<group>"; };
		9835D1350C85BA0FD5E41D95 /* Pods_TripPlus.framework */ = {isa = PBXFileReference; explicitFileType = wrapper.framework; includeInIndex = 0; path = Pods_TripPlus.framework; sourceTree = BUILT_PRODUCTS_DIR; };
		E5468B6947D9BE9FED87B542 /* Pods-TripPlus.release.xcconfig */ = {isa = PBXFileReference; includeInIndex = 1; lastKnownFileType = text.xcconfig; name = "Pods-TripPlus.release.xcconfig"; path = "Target Support Files/Pods-TripPlus/Pods-TripPlus.release.xcconfig"; sourceTree = "<group>"; };
		E81C33812DF598300062811D /* MakeNewTripCompleteViewController.swift */ = {isa = PBXFileReference; lastKnownFileType = sourcecode.swift; path = MakeNewTripCompleteViewController.swift; sourceTree = "<group>"; };
		E8B946B82DED8E4400709A7D /* Color&Font.json */ = {isa = PBXFileReference; lastKnownFileType = text.json; path = "Color&Font.json"; sourceTree = "<group>"; };
		E8B946C42DEDCB1D00709A7D /* MakingCategoryViewModel.swift */ = {isa = PBXFileReference; lastKnownFileType = sourcecode.swift; path = MakingCategoryViewModel.swift; sourceTree = "<group>"; };
		E8B946C62DEDCB3400709A7D /* MakingLocationViewModel.swift */ = {isa = PBXFileReference; lastKnownFileType = sourcecode.swift; path = MakingLocationViewModel.swift; sourceTree = "<group>"; };
		E8B946CB2DEDD04400709A7D /* NavigationViewModel.swift */ = {isa = PBXFileReference; lastKnownFileType = sourcecode.swift; path = NavigationViewModel.swift; sourceTree = "<group>"; };
		E8B946CD2DEDE0E900709A7D /* MakeDateViewModel.swift */ = {isa = PBXFileReference; lastKnownFileType = sourcecode.swift; path = MakeDateViewModel.swift; sourceTree = "<group>"; };
		E8B946CF2DEF3ECF00709A7D /* PaleteData.swift */ = {isa = PBXFileReference; lastKnownFileType = sourcecode.swift; path = PaleteData.swift; sourceTree = "<group>"; };
/* End PBXFileReference section */

/* Begin PBXFileSystemSynchronizedRootGroup section */
		81BA56972CF759C40007FA69 /* Model */ = {
			isa = PBXFileSystemSynchronizedRootGroup;
			path = Model;
			sourceTree = "<group>";
		};
		81BA56982CF759C80007FA69 /* ViewModel */ = {
			isa = PBXFileSystemSynchronizedRootGroup;
			path = ViewModel;
			sourceTree = "<group>";
		};
		81BA569A2CF759D40007FA69 /* View */ = {
			isa = PBXFileSystemSynchronizedRootGroup;
			path = View;
			sourceTree = "<group>";
		};
/* End PBXFileSystemSynchronizedRootGroup section */

/* Begin PBXFrameworksBuildPhase section */
		810A19352C723859003C168B /* Frameworks */ = {
			isa = PBXFrameworksBuildPhase;
			buildActionMask = 2147483647;
			files = (
				321F3D7A9A2A7212B763C920 /* Pods_TripPlus.framework in Frameworks */,
			);
			runOnlyForDeploymentPostprocessing = 0;
		};
/* End PBXFrameworksBuildPhase section */

/* Begin PBXGroup section */
		182B7A27864760E6E35D5094 /* Pods */ = {
			isa = PBXGroup;
			children = (
				38B6CB52784C5A19DF9EED24 /* Pods-TripPlus.debug.xcconfig */,
				E5468B6947D9BE9FED87B542 /* Pods-TripPlus.release.xcconfig */,
			);
			path = Pods;
			sourceTree = "<group>";
		};
		810A192F2C723859003C168B = {
			isa = PBXGroup;
			children = (
				810A193A2C723859003C168B /* TripPlus */,
				810A19392C723859003C168B /* Products */,
				182B7A27864760E6E35D5094 /* Pods */,
				92121300DC2843DDB75F7F0D /* Frameworks */,
			);
			sourceTree = "<group>";
		};
		810A19392C723859003C168B /* Products */ = {
			isa = PBXGroup;
			children = (
				810A19382C723859003C168B /* TripPlus.app */,
			);
			name = Products;
			sourceTree = "<group>";
		};
		810A193A2C723859003C168B /* TripPlus */ = {
			isa = PBXGroup;
			children = (
				E8B946B82DED8E4400709A7D /* Color&Font.json */,
				810A19462C72385B003C168B /* LaunchScreen.storyboard */,
				810A193B2C723859003C168B /* AppDelegate.swift */,
				810A193D2C723859003C168B /* SceneDelegate.swift */,
				810A19602C7B4D12003C168B /* CommonModel */,
				813422792D50F08900E3035B /* CommonView */,
				E8B946CA2DEDD02600709A7D /* CommonViewModel */,
				810A194F2C7B41F5003C168B /* Login&CreateAccount */,
				81AFD0572DECAB54008736C6 /* PrepareTrip */,
				810A195F2C7B433B003C168B /* Home */,
				810A19442C72385B003C168B /* Assets.xcassets */,
				810A19492C72385B003C168B /* Info.plist */,
				81F800572C99CF5D0033C464 /* Fonts */,
			);
			path = TripPlus;
			sourceTree = "<group>";
		};
		810A194F2C7B41F5003C168B /* Login&CreateAccount */ = {
			isa = PBXGroup;
			children = (
				810A19502C7B423E003C168B /* Login.storyboard */,
				810A19582C7B42BA003C168B /* Model */,
				810A19572C7B42B8003C168B /* View */,
				810A19562C7B42B5003C168B /* ViewModel */,
			);
			path = "Login&CreateAccount";
			sourceTree = "<group>";
		};
		810A19562C7B42B5003C168B /* ViewModel */ = {
			isa = PBXGroup;
			children = (
				810A195D2C7B431A003C168B /* LoginViewModel_test.swift */,
			);
			path = ViewModel;
			sourceTree = "<group>";
		};
		810A19572C7B42B8003C168B /* View */ = {
			isa = PBXGroup;
			children = (
				810A19542C7B4295003C168B /* LoginViewController.swift */,
			);
			path = View;
			sourceTree = "<group>";
		};
		810A19582C7B42BA003C168B /* Model */ = {
			isa = PBXGroup;
			children = (
				810A19592C7B42DB003C168B /* LoginRequest.swift */,
				810A195B2C7B42E7003C168B /* LoginResponse.swift */,
			);
			path = Model;
			sourceTree = "<group>";
		};
		810A195F2C7B433B003C168B /* Home */ = {
			isa = PBXGroup;
			children = (
				81BA56972CF759C40007FA69 /* Model */,
				81BA56982CF759C80007FA69 /* ViewModel */,
				81BA569A2CF759D40007FA69 /* View */,
				810A19412C723859003C168B /* Main.storyboard */,
			);
			path = Home;
			sourceTree = "<group>";
		};
		810A19602C7B4D12003C168B /* CommonModel */ = {
			isa = PBXGroup;
			children = (
				810A19612C7B4D6F003C168B /* APIManager.swift */,
			);
			path = CommonModel;
			sourceTree = "<group>";
		};
		813422792D50F08900E3035B /* CommonView */ = {
			isa = PBXGroup;
			children = (
				813422812D50F0B300E3035B /* CommonMethod.swift */,
				813422752D50F08900E3035B /* CommonConstValue.swift */,
				813422742D50F08900E3035B /* Combine+UIKit.swift */,
				813422772D50F08900E3035B /* LabelUtility.swift */,
				813422762D50F08900E3035B /* CommonTitle.swift */,
				813422782D50F08900E3035B /* ListCollectionViewCell.swift */,
				813422732D50F08900E3035B /* CardCollectionViewCell.swift */,
				813422722D50F08900E3035B /* AlignedFlowLayout.swift */,
			);
			path = CommonView;
			sourceTree = "<group>";
		};
		814F45182D47E81D00E5480C /* Common */ = {
			isa = PBXGroup;
			children = (
				814F45202D48168F00E5480C /* SelectedItems.swift */,
				814F44FB2D47BBD600E5480C /* SearchBarView.swift */,
				818E9A3A2D75AA2F008B9144 /* NewTripProgressView.swift */,
				817E74B02DE8B3310012311E /* PackageListTableViewCell.swift */,
			);
			path = Common;
			sourceTree = "<group>";
		};
		817E74AA2DE8A2970012311E /* PreparingPackages */ = {
			isa = PBXGroup;
			children = (
				817E74AB2DE8A4E80012311E /* PreparingPackagesViewController.swift */,
			);
			path = PreparingPackages;
			sourceTree = "<group>";
		};
		817E74AD2DE8A50B0012311E /* SettingPackages */ = {
			isa = PBXGroup;
			children = (
				817E74B22DE8B3900012311E /* AddNewPackageModal */,
				817E74AE2DE8A5350012311E /* SettingPackagesViewController.swift */,
			);
			path = SettingPackages;
			sourceTree = "<group>";
		};
		817E74B22DE8B3900012311E /* AddNewPackageModal */ = {
			isa = PBXGroup;
			children = (
				817E74B52DE8B4180012311E /* PaleteCollectionViewCell.swift */,
				817E74B32DE8B3D60012311E /* AddNewPackageViewController.swift */,
			);
			path = AddNewPackageModal;
			sourceTree = "<group>";
		};
		817E74B72DEB10570012311E /* MyTripList */ = {
			isa = PBXGroup;
			children = (
				81F958FC2D58959900CDE027 /* MyTripEmptyView.swift */,
				81F958FD2D58959900CDE027 /* MyTripEmptyViewController(deprecated).swift */,
				817E74B82DEB126E0012311E /* MyTripPageViewController.swift */,
				817E74BA2DEB1FCA0012311E /* CustomSegment.swift */,
				817E74BC2DEB20020012311E /* MyTripPackageListViewController.swift */,
				817E74BE2DEB20240012311E /* MyTripPackageViewController.swift */,
				817E74C02DEB22360012311E /* MyTripListViewController.swift */,
				817E74C22DEB22520012311E /* MyTripListCollectionViewCell.swift */,
			);
			path = MyTripList;
			sourceTree = "<group>";
		};
		81AFD0572DECAB54008736C6 /* PrepareTrip */ = {
			isa = PBXGroup;
			children = (
				81AFD05D2DECABF6008736C6 /* PrepareTrip_CommonModel */,
				81AFD05C2DECABD2008736C6 /* PrepareTrip_CommonView */,
				81AFD0582DECAB6E008736C6 /* MyTrip */,
				81F6A7D42CA053420059FE6F /* MakingNewTrip */,
			);
			path = PrepareTrip;
			sourceTree = "<group>";
		};
		81AFD0582DECAB6E008736C6 /* MyTrip */ = {
			isa = PBXGroup;
			children = (
				81AFD0592DECAB7F008736C6 /* Model */,
				81AFD05A2DECAB86008736C6 /* View */,
				81AFD05B2DECAB8A008736C6 /* ViewModel */,
			);
			path = MyTrip;
			sourceTree = "<group>";
		};
		81AFD0592DECAB7F008736C6 /* Model */ = {
			isa = PBXGroup;
			children = (
				817E74C42DEB28570012311E /* TripPreviewData.swift */,
			);
			path = Model;
			sourceTree = "<group>";
		};
		81AFD05A2DECAB86008736C6 /* View */ = {
			isa = PBXGroup;
			children = (
				817E74B72DEB10570012311E /* MyTripList */,
			);
			path = View;
			sourceTree = "<group>";
		};
		81AFD05B2DECAB8A008736C6 /* ViewModel */ = {
			isa = PBXGroup;
			children = (
			);
			path = ViewModel;
			sourceTree = "<group>";
		};
		81AFD05C2DECABD2008736C6 /* PrepareTrip_CommonView */ = {
			isa = PBXGroup;
			children = (
			);
			path = PrepareTrip_CommonView;
			sourceTree = "<group>";
		};
		81AFD05D2DECABF6008736C6 /* PrepareTrip_CommonModel */ = {
			isa = PBXGroup;
			children = (
				817E74C62DEB28650012311E /* PackageCellData.swift */,
			);
			path = PrepareTrip_CommonModel;
			sourceTree = "<group>";
		};
		81F6A7D42CA053420059FE6F /* MakingNewTrip */ = {
			isa = PBXGroup;
			children = (
				81F6A7D82CA053810059FE6F /* Model */,
				81F6A7D72CA0537F0059FE6F /* View */,
				81F6A7D62CA0537C0059FE6F /* ViewModel */,
			);
			path = MakingNewTrip;
			sourceTree = "<group>";
		};
		81F6A7D62CA0537C0059FE6F /* ViewModel */ = {
			isa = PBXGroup;
			children = (
				81DE3AEE2D2D825100707928 /* MakingNewTripModel.swift */,
				E8B946CD2DEDE0E900709A7D /* MakeDateViewModel.swift */,
				E8B946C42DEDCB1D00709A7D /* MakingCategoryViewModel.swift */,
				E8B946C62DEDCB3400709A7D /* MakingLocationViewModel.swift */,
				817E74C82DEB3AE20012311E /* MakingNewPackageViewModel.swift */,
			);
			path = ViewModel;
			sourceTree = "<group>";
		};
		81F6A7D72CA0537F0059FE6F /* View */ = {
			isa = PBXGroup;
			children = (
				81F958F72D58959700CDE027 /* NewTrip(Total) */,
				817E74AA2DE8A2970012311E /* PreparingPackages */,
				817E74AD2DE8A50B0012311E /* SettingPackages */,
				E81C33802DF598000062811D /* MakeNewTripComplete */,
				814F45182D47E81D00E5480C /* Common */,
			);
			path = View;
			sourceTree = "<group>";
		};
		81F6A7D82CA053810059FE6F /* Model */ = {
			isa = PBXGroup;
			children = (
				81F6A7D22CA0532D0059FE6F /* LocationListCellData_test(deprecated).swift */,
				81AFD05E2DECC608008736C6 /* NewTripData.swift */,
				81AFD0602DECCA8C008736C6 /* NewPackageData.swift */,
				E8B946CF2DEF3ECF00709A7D /* PaleteData.swift */,
			);
			path = Model;
			sourceTree = "<group>";
		};
		81F800572C99CF5D0033C464 /* Fonts */ = {
			isa = PBXGroup;
			children = (
				81F800592C99CF720033C464 /* Pretendard-Black.otf */,
				81F8005A2C99CF720033C464 /* Pretendard-Bold.otf */,
				81F800602C99CF720033C464 /* Pretendard-ExtraBold.otf */,
				81F8005B2C99CF720033C464 /* Pretendard-ExtraLight.otf */,
				81F800582C99CF720033C464 /* Pretendard-Light.otf */,
				81F8005C2C99CF720033C464 /* Pretendard-Medium.otf */,
				81F8005D2C99CF720033C464 /* Pretendard-Regular.otf */,
				81F8005F2C99CF720033C464 /* Pretendard-SemiBold.otf */,
				81F8005E2C99CF720033C464 /* Pretendard-Thin.otf */,
			);
			path = Fonts;
			sourceTree = "<group>";
		};
		81F958EB2D58957F00CDE027 /* NewCategory */ = {
			isa = PBXGroup;
			children = (
				81F958E92D58957F00CDE027 /* CategoryCollectionViewCell.swift */,
				81F958EA2D58957F00CDE027 /* SelectCategoryViewController.swift */,
			);
			path = NewCategory;
			sourceTree = "<group>";
		};
		81F958F02D58959300CDE027 /* NewLocation */ = {
			isa = PBXGroup;
			children = (
				81F958EE2D58959300CDE027 /* LocationCollectionViewCell.swift */,
				81F958EF2D58959300CDE027 /* SelectLocationViewController.swift */,
			);
			path = NewLocation;
			sourceTree = "<group>";
		};
		81F958F72D58959700CDE027 /* NewTrip(Total) */ = {
			isa = PBXGroup;
			children = (
				81F959012D5895A500CDE027 /* NewDate */,
				81F958EB2D58957F00CDE027 /* NewCategory */,
				81F958F02D58959300CDE027 /* NewLocation */,
				81F958F32D58959700CDE027 /* AddItemCell.swift */,
				81F958F42D58959700CDE027 /* MakingNewTripView.swift */,
				81F958F62D58959700CDE027 /* RightAlignedCollectionViewCell.swift */,
				81F958F52D58959700CDE027 /* MakingNewTripViewController.swift */,
			);
			path = "NewTrip(Total)";
			sourceTree = "<group>";
		};
		81F959012D5895A500CDE027 /* NewDate */ = {
			isa = PBXGroup;
			children = (
				815EC2072D64F4A300C2A89B /* DateCollectionViewHeader.swift */,
				81F9592E2D58E7EF00CDE027 /* DateCollectionViewCell.swift */,
				81F9592C2D58B75200CDE027 /* SelectDateView.swift */,
				81F959022D5895C100CDE027 /* SelectDateViewController.swift */,
			);
			path = NewDate;
			sourceTree = "<group>";
		};
		92121300DC2843DDB75F7F0D /* Frameworks */ = {
			isa = PBXGroup;
			children = (
				9835D1350C85BA0FD5E41D95 /* Pods_TripPlus.framework */,
			);
			name = Frameworks;
			sourceTree = "<group>";
		};
		E81C33802DF598000062811D /* MakeNewTripComplete */ = {
			isa = PBXGroup;
			children = (
				E81C33812DF598300062811D /* MakeNewTripCompleteViewController.swift */,
			);
			path = MakeNewTripComplete;
			sourceTree = "<group>";
		};
		E8B946CA2DEDD02600709A7D /* CommonViewModel */ = {
			isa = PBXGroup;
			children = (
				E8B946CB2DEDD04400709A7D /* NavigationViewModel.swift */,
			);
			path = CommonViewModel;
			sourceTree = "<group>";
		};
/* End PBXGroup section */

/* Begin PBXNativeTarget section */
		810A19372C723859003C168B /* TripPlus */ = {
			isa = PBXNativeTarget;
			buildConfigurationList = 810A194C2C72385B003C168B /* Build configuration list for PBXNativeTarget "TripPlus" */;
			buildPhases = (
				FE0C6C45BD7134A4DF29F2FD /* [CP] Check Pods Manifest.lock */,
				810A19342C723859003C168B /* Sources */,
				810A19352C723859003C168B /* Frameworks */,
				810A19362C723859003C168B /* Resources */,
				21FCC9DBDC365056FA1356C1 /* [CP] Embed Pods Frameworks */,
			);
			buildRules = (
			);
			dependencies = (
			);
			fileSystemSynchronizedGroups = (
				81BA56972CF759C40007FA69 /* Model */,
				81BA56982CF759C80007FA69 /* ViewModel */,
				81BA569A2CF759D40007FA69 /* View */,
			);
			name = TripPlus;
			productName = TripPlus;
			productReference = 810A19382C723859003C168B /* TripPlus.app */;
			productType = "com.apple.product-type.application";
		};
/* End PBXNativeTarget section */

/* Begin PBXProject section */
		810A19302C723859003C168B /* Project object */ = {
			isa = PBXProject;
			attributes = {
				BuildIndependentTargetsInParallel = 1;
				LastSwiftUpdateCheck = 1530;
				LastUpgradeCheck = 1530;
				TargetAttributes = {
					810A19372C723859003C168B = {
						CreatedOnToolsVersion = 15.3;
					};
				};
			};
			buildConfigurationList = 810A19332C723859003C168B /* Build configuration list for PBXProject "TripPlus" */;
			developmentRegion = en;
			hasScannedForEncodings = 0;
			knownRegions = (
				en,
				Base,
			);
			mainGroup = 810A192F2C723859003C168B;
			preferredProjectObjectVersion = 77;
			productRefGroup = 810A19392C723859003C168B /* Products */;
			projectDirPath = "";
			projectRoot = "";
			targets = (
				810A19372C723859003C168B /* TripPlus */,
			);
		};
/* End PBXProject section */

/* Begin PBXResourcesBuildPhase section */
		810A19362C723859003C168B /* Resources */ = {
			isa = PBXResourcesBuildPhase;
			buildActionMask = 2147483647;
			files = (
				810A19512C7B423E003C168B /* Login.storyboard in Resources */,
				810A19452C72385B003C168B /* Assets.xcassets in Resources */,
				81F800642C99CF720033C464 /* Pretendard-ExtraLight.otf in Resources */,
				81F800682C99CF720033C464 /* Pretendard-SemiBold.otf in Resources */,
				81F800632C99CF720033C464 /* Pretendard-Bold.otf in Resources */,
				810A19482C72385B003C168B /* Base in Resources */,
				81F800612C99CF720033C464 /* Pretendard-Light.otf in Resources */,
				81F800622C99CF720033C464 /* Pretendard-Black.otf in Resources */,
				81F800662C99CF720033C464 /* Pretendard-Regular.otf in Resources */,
				E8B946B92DED8E4400709A7D /* Color&Font.json in Resources */,
				81F800692C99CF720033C464 /* Pretendard-ExtraBold.otf in Resources */,
				810A19432C723859003C168B /* Base in Resources */,
				81F800672C99CF720033C464 /* Pretendard-Thin.otf in Resources */,
				81F800652C99CF720033C464 /* Pretendard-Medium.otf in Resources */,
			);
			runOnlyForDeploymentPostprocessing = 0;
		};
/* End PBXResourcesBuildPhase section */

/* Begin PBXShellScriptBuildPhase section */
		21FCC9DBDC365056FA1356C1 /* [CP] Embed Pods Frameworks */ = {
			isa = PBXShellScriptBuildPhase;
			buildActionMask = 2147483647;
			files = (
			);
			inputFileListPaths = (
				"${PODS_ROOT}/Target Support Files/Pods-TripPlus/Pods-TripPlus-frameworks-${CONFIGURATION}-input-files.xcfilelist",
			);
			name = "[CP] Embed Pods Frameworks";
			outputFileListPaths = (
				"${PODS_ROOT}/Target Support Files/Pods-TripPlus/Pods-TripPlus-frameworks-${CONFIGURATION}-output-files.xcfilelist",
			);
			runOnlyForDeploymentPostprocessing = 0;
			shellPath = /bin/sh;
			shellScript = "\"${PODS_ROOT}/Target Support Files/Pods-TripPlus/Pods-TripPlus-frameworks.sh\"\n";
			showEnvVarsInLog = 0;
		};
		FE0C6C45BD7134A4DF29F2FD /* [CP] Check Pods Manifest.lock */ = {
			isa = PBXShellScriptBuildPhase;
			buildActionMask = 2147483647;
			files = (
			);
			inputFileListPaths = (
			);
			inputPaths = (
				"${PODS_PODFILE_DIR_PATH}/Podfile.lock",
				"${PODS_ROOT}/Manifest.lock",
			);
			name = "[CP] Check Pods Manifest.lock";
			outputFileListPaths = (
			);
			outputPaths = (
				"$(DERIVED_FILE_DIR)/Pods-TripPlus-checkManifestLockResult.txt",
			);
			runOnlyForDeploymentPostprocessing = 0;
			shellPath = /bin/sh;
			shellScript = "diff \"${PODS_PODFILE_DIR_PATH}/Podfile.lock\" \"${PODS_ROOT}/Manifest.lock\" > /dev/null\nif [ $? != 0 ] ; then\n    # print error to STDERR\n    echo \"error: The sandbox is not in sync with the Podfile.lock. Run 'pod install' or update your CocoaPods installation.\" >&2\n    exit 1\nfi\n# This output is used by Xcode 'outputs' to avoid re-running this script phase.\necho \"SUCCESS\" > \"${SCRIPT_OUTPUT_FILE_0}\"\n";
			showEnvVarsInLog = 0;
		};
/* End PBXShellScriptBuildPhase section */

/* Begin PBXSourcesBuildPhase section */
		810A19342C723859003C168B /* Sources */ = {
			isa = PBXSourcesBuildPhase;
			buildActionMask = 2147483647;
			files = (
				8134227A2D50F08900E3035B /* AlignedFlowLayout.swift in Sources */,
				817E74C12DEB22360012311E /* MyTripListViewController.swift in Sources */,
				8134227B2D50F08900E3035B /* CardCollectionViewCell.swift in Sources */,
				817E74BB2DEB1FCA0012311E /* CustomSegment.swift in Sources */,
				8134227C2D50F08900E3035B /* Combine+UIKit.swift in Sources */,
				813422822D50F0C200E3035B /* CommonMethod.swift in Sources */,
				8134227D2D50F08900E3035B /* CommonConstValue.swift in Sources */,
				817E74C92DEB3AE20012311E /* MakingNewPackageViewModel.swift in Sources */,
				817E74BF2DEB20240012311E /* MyTripPackageViewController.swift in Sources */,
				817E74BD2DEB20020012311E /* MyTripPackageListViewController.swift in Sources */,
				8134227E2D50F08900E3035B /* CommonTitle.swift in Sources */,
				817E74B92DEB126E0012311E /* MyTripPageViewController.swift in Sources */,
				8134227F2D50F08900E3035B /* LabelUtility.swift in Sources */,
				813422802D50F08900E3035B /* ListCollectionViewCell.swift in Sources */,
				810A19622C7B4D6F003C168B /* APIManager.swift in Sources */,
				81AFD0612DECCA8C008736C6 /* NewPackageData.swift in Sources */,
				817E74B62DE8B4180012311E /* PaleteCollectionViewCell.swift in Sources */,
				E81C33822DF598300062811D /* MakeNewTripCompleteViewController.swift in Sources */,
				818E9A3B2D75AA2F008B9144 /* NewTripProgressView.swift in Sources */,
				810A19552C7B4295003C168B /* LoginViewController.swift in Sources */,
				81F958F82D58959700CDE027 /* AddItemCell.swift in Sources */,
				817E74B12DE8B3310012311E /* PackageListTableViewCell.swift in Sources */,
				81F958F92D58959700CDE027 /* MakingNewTripView.swift in Sources */,
				815EC2082D64F4A300C2A89B /* DateCollectionViewHeader.swift in Sources */,
				81F958FA2D58959700CDE027 /* MakingNewTripViewController.swift in Sources */,
				E8B946C72DEDCB3400709A7D /* MakingLocationViewModel.swift in Sources */,
				817E74C32DEB22520012311E /* MyTripListCollectionViewCell.swift in Sources */,
				81F958FB2D58959700CDE027 /* RightAlignedCollectionViewCell.swift in Sources */,
				814F45212D48168F00E5480C /* SelectedItems.swift in Sources */,
				817E74C52DEB28570012311E /* TripPreviewData.swift in Sources */,
				810A195C2C7B42E7003C168B /* LoginResponse.swift in Sources */,
				E8B946C52DEDCB1D00709A7D /* MakingCategoryViewModel.swift in Sources */,
				E8B946CC2DEDD04400709A7D /* NavigationViewModel.swift in Sources */,
				E8B946D02DEF3ECF00709A7D /* PaleteData.swift in Sources */,
				817E74C72DEB28660012311E /* PackageCellData.swift in Sources */,
				814F45022D47BBD600E5480C /* SearchBarView.swift in Sources */,
				81F958F12D58959300CDE027 /* LocationCollectionViewCell.swift in Sources */,
				81F958F22D58959300CDE027 /* SelectLocationViewController.swift in Sources */,
				81F958FF2D58959900CDE027 /* MyTripEmptyView.swift in Sources */,
				817E74AF2DE8A5350012311E /* SettingPackagesViewController.swift in Sources */,
				81F959002D58959900CDE027 /* MyTripEmptyViewController(deprecated).swift in Sources */,
				81F959032D5895DB00CDE027 /* SelectDateViewController.swift in Sources */,
				81F958EC2D58957F00CDE027 /* CategoryCollectionViewCell.swift in Sources */,
				81F958ED2D58957F00CDE027 /* SelectCategoryViewController.swift in Sources */,
				81F9592F2D58E7EF00CDE027 /* DateCollectionViewCell.swift in Sources */,
				81F6A7D32CA0532D0059FE6F /* LocationListCellData_test(deprecated).swift in Sources */,
				810A193C2C723859003C168B /* AppDelegate.swift in Sources */,
				81F9592D2D58B75200CDE027 /* SelectDateView.swift in Sources */,
				81DE3AEF2D2D825100707928 /* MakingNewTripModel.swift in Sources */,
				810A195A2C7B42DB003C168B /* LoginRequest.swift in Sources */,
				E8B946CE2DEDE0E900709A7D /* MakeDateViewModel.swift in Sources */,
				810A193E2C723859003C168B /* SceneDelegate.swift in Sources */,
				810A195E2C7B431A003C168B /* LoginViewModel_test.swift in Sources */,
				817E74B42DE8B3D60012311E /* AddNewPackageViewController.swift in Sources */,
				81AFD05F2DECC608008736C6 /* NewTripData.swift in Sources */,
				817E74AC2DE8A4E80012311E /* PreparingPackagesViewController.swift in Sources */,
			);
			runOnlyForDeploymentPostprocessing = 0;
		};
/* End PBXSourcesBuildPhase section */

/* Begin PBXVariantGroup section */
		810A19412C723859003C168B /* Main.storyboard */ = {
			isa = PBXVariantGroup;
			children = (
				810A19422C723859003C168B /* Base */,
			);
			name = Main.storyboard;
			sourceTree = "<group>";
		};
		810A19462C72385B003C168B /* LaunchScreen.storyboard */ = {
			isa = PBXVariantGroup;
			children = (
				810A19472C72385B003C168B /* Base */,
			);
			name = LaunchScreen.storyboard;
			sourceTree = "<group>";
		};
/* End PBXVariantGroup section */

/* Begin XCBuildConfiguration section */
		810A194A2C72385B003C168B /* Debug */ = {
			isa = XCBuildConfiguration;
			buildSettings = {
				ALWAYS_SEARCH_USER_PATHS = NO;
				ASSETCATALOG_COMPILER_GENERATE_SWIFT_ASSET_SYMBOL_EXTENSIONS = YES;
				CLANG_ANALYZER_NONNULL = YES;
				CLANG_ANALYZER_NUMBER_OBJECT_CONVERSION = YES_AGGRESSIVE;
				CLANG_CXX_LANGUAGE_STANDARD = "gnu++20";
				CLANG_ENABLE_MODULES = YES;
				CLANG_ENABLE_OBJC_ARC = YES;
				CLANG_ENABLE_OBJC_WEAK = YES;
				CLANG_WARN_BLOCK_CAPTURE_AUTORELEASING = YES;
				CLANG_WARN_BOOL_CONVERSION = YES;
				CLANG_WARN_COMMA = YES;
				CLANG_WARN_CONSTANT_CONVERSION = YES;
				CLANG_WARN_DEPRECATED_OBJC_IMPLEMENTATIONS = YES;
				CLANG_WARN_DIRECT_OBJC_ISA_USAGE = YES_ERROR;
				CLANG_WARN_DOCUMENTATION_COMMENTS = YES;
				CLANG_WARN_EMPTY_BODY = YES;
				CLANG_WARN_ENUM_CONVERSION = YES;
				CLANG_WARN_INFINITE_RECURSION = YES;
				CLANG_WARN_INT_CONVERSION = YES;
				CLANG_WARN_NON_LITERAL_NULL_CONVERSION = YES;
				CLANG_WARN_OBJC_IMPLICIT_RETAIN_SELF = YES;
				CLANG_WARN_OBJC_LITERAL_CONVERSION = YES;
				CLANG_WARN_OBJC_ROOT_CLASS = YES_ERROR;
				CLANG_WARN_QUOTED_INCLUDE_IN_FRAMEWORK_HEADER = YES;
				CLANG_WARN_RANGE_LOOP_ANALYSIS = YES;
				CLANG_WARN_STRICT_PROTOTYPES = YES;
				CLANG_WARN_SUSPICIOUS_MOVE = YES;
				CLANG_WARN_UNGUARDED_AVAILABILITY = YES_AGGRESSIVE;
				CLANG_WARN_UNREACHABLE_CODE = YES;
				CLANG_WARN__DUPLICATE_METHOD_MATCH = YES;
				COPY_PHASE_STRIP = NO;
				DEBUG_INFORMATION_FORMAT = dwarf;
				ENABLE_STRICT_OBJC_MSGSEND = YES;
				ENABLE_TESTABILITY = YES;
				ENABLE_USER_SCRIPT_SANDBOXING = NO;
				GCC_C_LANGUAGE_STANDARD = gnu17;
				GCC_DYNAMIC_NO_PIC = NO;
				GCC_NO_COMMON_BLOCKS = YES;
				GCC_OPTIMIZATION_LEVEL = 0;
				GCC_PREPROCESSOR_DEFINITIONS = (
					"DEBUG=1",
					"$(inherited)",
				);
				GCC_WARN_64_TO_32_BIT_CONVERSION = YES;
				GCC_WARN_ABOUT_RETURN_TYPE = YES_ERROR;
				GCC_WARN_UNDECLARED_SELECTOR = YES;
				GCC_WARN_UNINITIALIZED_AUTOS = YES_AGGRESSIVE;
				GCC_WARN_UNUSED_FUNCTION = YES;
				GCC_WARN_UNUSED_VARIABLE = YES;
				IPHONEOS_DEPLOYMENT_TARGET = 17.4;
				LOCALIZATION_PREFERS_STRING_CATALOGS = YES;
				MTL_ENABLE_DEBUG_INFO = INCLUDE_SOURCE;
				MTL_FAST_MATH = YES;
				ONLY_ACTIVE_ARCH = YES;
				SDKROOT = iphoneos;
				SWIFT_ACTIVE_COMPILATION_CONDITIONS = "DEBUG $(inherited)";
				SWIFT_OPTIMIZATION_LEVEL = "-Onone";
			};
			name = Debug;
		};
		810A194B2C72385B003C168B /* Release */ = {
			isa = XCBuildConfiguration;
			buildSettings = {
				ALWAYS_SEARCH_USER_PATHS = NO;
				ASSETCATALOG_COMPILER_GENERATE_SWIFT_ASSET_SYMBOL_EXTENSIONS = YES;
				CLANG_ANALYZER_NONNULL = YES;
				CLANG_ANALYZER_NUMBER_OBJECT_CONVERSION = YES_AGGRESSIVE;
				CLANG_CXX_LANGUAGE_STANDARD = "gnu++20";
				CLANG_ENABLE_MODULES = YES;
				CLANG_ENABLE_OBJC_ARC = YES;
				CLANG_ENABLE_OBJC_WEAK = YES;
				CLANG_WARN_BLOCK_CAPTURE_AUTORELEASING = YES;
				CLANG_WARN_BOOL_CONVERSION = YES;
				CLANG_WARN_COMMA = YES;
				CLANG_WARN_CONSTANT_CONVERSION = YES;
				CLANG_WARN_DEPRECATED_OBJC_IMPLEMENTATIONS = YES;
				CLANG_WARN_DIRECT_OBJC_ISA_USAGE = YES_ERROR;
				CLANG_WARN_DOCUMENTATION_COMMENTS = YES;
				CLANG_WARN_EMPTY_BODY = YES;
				CLANG_WARN_ENUM_CONVERSION = YES;
				CLANG_WARN_INFINITE_RECURSION = YES;
				CLANG_WARN_INT_CONVERSION = YES;
				CLANG_WARN_NON_LITERAL_NULL_CONVERSION = YES;
				CLANG_WARN_OBJC_IMPLICIT_RETAIN_SELF = YES;
				CLANG_WARN_OBJC_LITERAL_CONVERSION = YES;
				CLANG_WARN_OBJC_ROOT_CLASS = YES_ERROR;
				CLANG_WARN_QUOTED_INCLUDE_IN_FRAMEWORK_HEADER = YES;
				CLANG_WARN_RANGE_LOOP_ANALYSIS = YES;
				CLANG_WARN_STRICT_PROTOTYPES = YES;
				CLANG_WARN_SUSPICIOUS_MOVE = YES;
				CLANG_WARN_UNGUARDED_AVAILABILITY = YES_AGGRESSIVE;
				CLANG_WARN_UNREACHABLE_CODE = YES;
				CLANG_WARN__DUPLICATE_METHOD_MATCH = YES;
				COPY_PHASE_STRIP = NO;
				DEBUG_INFORMATION_FORMAT = "dwarf-with-dsym";
				ENABLE_NS_ASSERTIONS = NO;
				ENABLE_STRICT_OBJC_MSGSEND = YES;
				ENABLE_USER_SCRIPT_SANDBOXING = NO;
				GCC_C_LANGUAGE_STANDARD = gnu17;
				GCC_NO_COMMON_BLOCKS = YES;
				GCC_WARN_64_TO_32_BIT_CONVERSION = YES;
				GCC_WARN_ABOUT_RETURN_TYPE = YES_ERROR;
				GCC_WARN_UNDECLARED_SELECTOR = YES;
				GCC_WARN_UNINITIALIZED_AUTOS = YES_AGGRESSIVE;
				GCC_WARN_UNUSED_FUNCTION = YES;
				GCC_WARN_UNUSED_VARIABLE = YES;
				IPHONEOS_DEPLOYMENT_TARGET = 17.4;
				LOCALIZATION_PREFERS_STRING_CATALOGS = YES;
				MTL_ENABLE_DEBUG_INFO = NO;
				MTL_FAST_MATH = YES;
				SDKROOT = iphoneos;
				SWIFT_COMPILATION_MODE = wholemodule;
				VALIDATE_PRODUCT = YES;
			};
			name = Release;
		};
		810A194D2C72385B003C168B /* Debug */ = {
			isa = XCBuildConfiguration;
			baseConfigurationReference = 38B6CB52784C5A19DF9EED24 /* Pods-TripPlus.debug.xcconfig */;
			buildSettings = {
				ASSETCATALOG_COMPILER_APPICON_NAME = AppIcon;
				ASSETCATALOG_COMPILER_GLOBAL_ACCENT_COLOR_NAME = AccentColor;
				CODE_SIGN_IDENTITY = "Apple Development";
				CODE_SIGN_STYLE = Automatic;
				CURRENT_PROJECT_VERSION = 1;
				DEVELOPMENT_TEAM = VR4TYTSTXA;
				GENERATE_INFOPLIST_FILE = YES;
				INFOPLIST_FILE = TripPlus/Info.plist;
				INFOPLIST_KEY_UIApplicationSupportsIndirectInputEvents = YES;
				INFOPLIST_KEY_UILaunchStoryboardName = LaunchScreen;
				INFOPLIST_KEY_UIMainStoryboardFile = Main;
				INFOPLIST_KEY_UISupportedInterfaceOrientations_iPad = "UIInterfaceOrientationPortrait UIInterfaceOrientationPortraitUpsideDown UIInterfaceOrientationLandscapeLeft UIInterfaceOrientationLandscapeRight";
				INFOPLIST_KEY_UISupportedInterfaceOrientations_iPhone = "UIInterfaceOrientationPortrait UIInterfaceOrientationLandscapeLeft UIInterfaceOrientationLandscapeRight";
				LD_RUNPATH_SEARCH_PATHS = (
					"$(inherited)",
					"@executable_path/Frameworks",
				);
				MARKETING_VERSION = 1.0;
				PRODUCT_BUNDLE_IDENTIFIER = daesang.TripPlus;
				PRODUCT_NAME = "$(TARGET_NAME)";
				PROVISIONING_PROFILE_SPECIFIER = "";
				SWIFT_EMIT_LOC_STRINGS = YES;
				SWIFT_VERSION = 5.0;
				TARGETED_DEVICE_FAMILY = "1,2";
			};
			name = Debug;
		};
		810A194E2C72385B003C168B /* Release */ = {
			isa = XCBuildConfiguration;
			baseConfigurationReference = E5468B6947D9BE9FED87B542 /* Pods-TripPlus.release.xcconfig */;
			buildSettings = {
				ASSETCATALOG_COMPILER_APPICON_NAME = AppIcon;
				ASSETCATALOG_COMPILER_GLOBAL_ACCENT_COLOR_NAME = AccentColor;
				CODE_SIGN_IDENTITY = "Apple Development";
				CODE_SIGN_STYLE = Automatic;
				CURRENT_PROJECT_VERSION = 1;
				DEVELOPMENT_TEAM = VR4TYTSTXA;
				GENERATE_INFOPLIST_FILE = YES;
				INFOPLIST_FILE = TripPlus/Info.plist;
				INFOPLIST_KEY_UIApplicationSupportsIndirectInputEvents = YES;
				INFOPLIST_KEY_UILaunchStoryboardName = LaunchScreen;
				INFOPLIST_KEY_UIMainStoryboardFile = Main;
				INFOPLIST_KEY_UISupportedInterfaceOrientations_iPad = "UIInterfaceOrientationPortrait UIInterfaceOrientationPortraitUpsideDown UIInterfaceOrientationLandscapeLeft UIInterfaceOrientationLandscapeRight";
				INFOPLIST_KEY_UISupportedInterfaceOrientations_iPhone = "UIInterfaceOrientationPortrait UIInterfaceOrientationLandscapeLeft UIInterfaceOrientationLandscapeRight";
				LD_RUNPATH_SEARCH_PATHS = (
					"$(inherited)",
					"@executable_path/Frameworks",
				);
				MARKETING_VERSION = 1.0;
				PRODUCT_BUNDLE_IDENTIFIER = daesang.TripPlus;
				PRODUCT_NAME = "$(TARGET_NAME)";
				PROVISIONING_PROFILE_SPECIFIER = "";
				SWIFT_EMIT_LOC_STRINGS = YES;
				SWIFT_VERSION = 5.0;
				TARGETED_DEVICE_FAMILY = "1,2";
			};
			name = Release;
		};
/* End XCBuildConfiguration section */

/* Begin XCConfigurationList section */
		810A19332C723859003C168B /* Build configuration list for PBXProject "TripPlus" */ = {
			isa = XCConfigurationList;
			buildConfigurations = (
				810A194A2C72385B003C168B /* Debug */,
				810A194B2C72385B003C168B /* Release */,
			);
			defaultConfigurationIsVisible = 0;
			defaultConfigurationName = Release;
		};
		810A194C2C72385B003C168B /* Build configuration list for PBXNativeTarget "TripPlus" */ = {
			isa = XCConfigurationList;
			buildConfigurations = (
				810A194D2C72385B003C168B /* Debug */,
				810A194E2C72385B003C168B /* Release */,
			);
			defaultConfigurationIsVisible = 0;
			defaultConfigurationName = Release;
		};
/* End XCConfigurationList section */
	};
	rootObject = 810A19302C723859003C168B /* Project object */;
}
